// !$*UTF8*$!
{
	archiveVersion = 1;
	classes = {
	};
	objectVersion = 46;
	objects = {

/* Begin PBXBuildFile section */
		EA79325C1C05ED8B00DD1200 /* sleepNormal.png in Resources */ = {isa = PBXBuildFile; fileRef = EA79325B1C05ED8B00DD1200 /* sleepNormal.png */; };
		EA7932681C05ED9500DD1200 /* autoNormal.png in Resources */ = {isa = PBXBuildFile; fileRef = EA79325D1C05ED9500DD1200 /* autoNormal.png */; };
		EA7932691C05ED9500DD1200 /* vitaNormal.png in Resources */ = {isa = PBXBuildFile; fileRef = EA79325E1C05ED9500DD1200 /* vitaNormal.png */; };
		EA79326A1C05ED9500DD1200 /* decreaseNormal.png in Resources */ = {isa = PBXBuildFile; fileRef = EA79325F1C05ED9500DD1200 /* decreaseNormal.png */; };
		EA79326B1C05ED9500DD1200 /* addNormal.png in Resources */ = {isa = PBXBuildFile; fileRef = EA7932601C05ED9500DD1200 /* addNormal.png */; };
		EA79326C1C05ED9500DD1200 /* filterNormal.png in Resources */ = {isa = PBXBuildFile; fileRef = EA7932611C05ED9500DD1200 /* filterNormal.png */; };
		EA79326D1C05ED9500DD1200 /* sleepSelect.png in Resources */ = {isa = PBXBuildFile; fileRef = EA7932621C05ED9500DD1200 /* sleepSelect.png */; };
		EA79326F1C05ED9500DD1200 /* autoSelect.png in Resources */ = {isa = PBXBuildFile; fileRef = EA7932641C05ED9500DD1200 /* autoSelect.png */; };
		EA7932701C05ED9500DD1200 /* decreaseSelect.png in Resources */ = {isa = PBXBuildFile; fileRef = EA7932651C05ED9500DD1200 /* decreaseSelect.png */; };
		EA7932711C05ED9500DD1200 /* addSelect.png in Resources */ = {isa = PBXBuildFile; fileRef = EA7932661C05ED9500DD1200 /* addSelect.png */; };
		EA7932721C05ED9500DD1200 /* filterSelect.png in Resources */ = {isa = PBXBuildFile; fileRef = EA7932671C05ED9500DD1200 /* filterSelect.png */; };
		EA7932741C05EF5F00DD1200 /* goodQualityBG.png in Resources */ = {isa = PBXBuildFile; fileRef = EA7932731C05EF5F00DD1200 /* goodQualityBG.png */; };
		EA7932761C05EF9300DD1200 /* mediumQualityBG.png in Resources */ = {isa = PBXBuildFile; fileRef = EA7932751C05EF9300DD1200 /* mediumQualityBG.png */; };
		EA7932781C05EFB100DD1200 /* badQualityBG.png in Resources */ = {isa = PBXBuildFile; fileRef = EA7932771C05EFB100DD1200 /* badQualityBG.png */; };
		EA79327A1C05F6D700DD1200 /* vitaSelect.png in Resources */ = {isa = PBXBuildFile; fileRef = EA7932791C05F6D700DD1200 /* vitaSelect.png */; };
		EA9371021C054C3B00817EDA /* HeInstructionView.m in Sources */ = {isa = PBXBuildFile; fileRef = EA9371011C054C3B00817EDA /* HeInstructionView.m */; };
		EA93710F1C054D7400817EDA /* FontAwesome.ttf in Resources */ = {isa = PBXBuildFile; fileRef = EA9371061C054D7400817EDA /* FontAwesome.ttf */; };
		EA9371101C054D7400817EDA /* NSString+Catagory.m in Sources */ = {isa = PBXBuildFile; fileRef = EA9371081C054D7400817EDA /* NSString+Catagory.m */; };
		EA9371111C054D7400817EDA /* NSString+FontAwesome.m in Sources */ = {isa = PBXBuildFile; fileRef = EA93710A1C054D7400817EDA /* NSString+FontAwesome.m */; };
		EA9371121C054D7400817EDA /* UIButton+associate.m in Sources */ = {isa = PBXBuildFile; fileRef = EA93710C1C054D7400817EDA /* UIButton+associate.m */; };
		EA9371131C054D7400817EDA /* UIButton+Bootstrap.m in Sources */ = {isa = PBXBuildFile; fileRef = EA93710E1C054D7400817EDA /* UIButton+Bootstrap.m */; };
		EA9371191C054D9500817EDA /* CHANGELOG.md in Sources */ = {isa = PBXBuildFile; fileRef = EA9371151C054D9500817EDA /* CHANGELOG.md */; };
		EA93711A1C054D9500817EDA /* JSONKit.m in Sources */ = {isa = PBXBuildFile; fileRef = EA9371171C054D9500817EDA /* JSONKit.m */; settings = {COMPILER_FLAGS = "-fno-objc-arc"; }; };
		EA93711B1C054D9500817EDA /* README.md in Sources */ = {isa = PBXBuildFile; fileRef = EA9371181C054D9500817EDA /* README.md */; };
		EA9371331C054DB300817EDA /* IQKeyboardManager.bundle in Resources */ = {isa = PBXBuildFile; fileRef = EA93711D1C054DB300817EDA /* IQKeyboardManager.bundle */; };
		EA9371341C054DB300817EDA /* IQKeyboardManager.m in Sources */ = {isa = PBXBuildFile; fileRef = EA93711F1C054DB300817EDA /* IQKeyboardManager.m */; };
		EA9371351C054DB300817EDA /* IQSegmentedNextPrevious.m in Sources */ = {isa = PBXBuildFile; fileRef = EA9371231C054DB300817EDA /* IQSegmentedNextPrevious.m */; };
		EA9371361C054DB300817EDA /* IQTextView.m in Sources */ = {isa = PBXBuildFile; fileRef = EA9371251C054DB300817EDA /* IQTextView.m */; };
		EA9371371C054DB300817EDA /* IQTitleBarButtonItem.m in Sources */ = {isa = PBXBuildFile; fileRef = EA9371271C054DB300817EDA /* IQTitleBarButtonItem.m */; };
		EA9371381C054DB300817EDA /* IQToolbar.m in Sources */ = {isa = PBXBuildFile; fileRef = EA9371291C054DB300817EDA /* IQToolbar.m */; };
		EA9371391C054DB300817EDA /* NSArray+Sort.m in Sources */ = {isa = PBXBuildFile; fileRef = EA93712C1C054DB300817EDA /* NSArray+Sort.m */; };
		EA93713A1C054DB300817EDA /* UIView+Hierarchy.m in Sources */ = {isa = PBXBuildFile; fileRef = EA93712E1C054DB300817EDA /* UIView+Hierarchy.m */; };
		EA93713B1C054DB300817EDA /* UIView+IQKeyboardToolbar.m in Sources */ = {isa = PBXBuildFile; fileRef = EA9371301C054DB300817EDA /* UIView+IQKeyboardToolbar.m */; };
		EA93713C1C054DB300817EDA /* UIWindow+Hierarchy.m in Sources */ = {isa = PBXBuildFile; fileRef = EA9371321C054DB300817EDA /* UIWindow+Hierarchy.m */; };
		EA9371451C054DFC00817EDA /* MBProgressHUD+Add.m in Sources */ = {isa = PBXBuildFile; fileRef = EA93713F1C054DFC00817EDA /* MBProgressHUD+Add.m */; };
		EA9371461C054DFC00817EDA /* MBProgressHUD.bundle in Resources */ = {isa = PBXBuildFile; fileRef = EA9371401C054DFC00817EDA /* MBProgressHUD.bundle */; };
		EA9371471C054DFC00817EDA /* MBProgressHUD.m in Sources */ = {isa = PBXBuildFile; fileRef = EA9371421C054DFC00817EDA /* MBProgressHUD.m */; };
		EA9371481C054DFC00817EDA /* UIViewController+HUD.m in Sources */ = {isa = PBXBuildFile; fileRef = EA9371441C054DFC00817EDA /* UIViewController+HUD.m */; };
		EA93714E1C054E8800817EDA /* DDMenuController.m in Sources */ = {isa = PBXBuildFile; fileRef = EA93714B1C054E8800817EDA /* DDMenuController.m */; };
		EA93714F1C054E8800817EDA /* LeftController.m in Sources */ = {isa = PBXBuildFile; fileRef = EA93714D1C054E8800817EDA /* LeftController.m */; };
		EA9371521C054EE600817EDA /* QuartzCore.framework in Frameworks */ = {isa = PBXBuildFile; fileRef = EA9371511C054EE600817EDA /* QuartzCore.framework */; };
		EA9371541C054F2300817EDA /* CoreGraphics.framework in Frameworks */ = {isa = PBXBuildFile; fileRef = EA9371531C054F2300817EDA /* CoreGraphics.framework */; };
		EA93716C1C05541300817EDA /* AFHTTPClient.m in Sources */ = {isa = PBXBuildFile; fileRef = EA9371581C05541300817EDA /* AFHTTPClient.m */; };
		EA93716D1C05541300817EDA /* AFHTTPRequestOperation.m in Sources */ = {isa = PBXBuildFile; fileRef = EA93715A1C05541300817EDA /* AFHTTPRequestOperation.m */; };
		EA93716E1C05541300817EDA /* AFImageRequestOperation.m in Sources */ = {isa = PBXBuildFile; fileRef = EA93715C1C05541300817EDA /* AFImageRequestOperation.m */; };
		EA93716F1C05541300817EDA /* AFJSONRequestOperation.m in Sources */ = {isa = PBXBuildFile; fileRef = EA93715E1C05541300817EDA /* AFJSONRequestOperation.m */; };
		EA9371701C05541300817EDA /* AFNetworkActivityIndicatorManager.m in Sources */ = {isa = PBXBuildFile; fileRef = EA9371601C05541300817EDA /* AFNetworkActivityIndicatorManager.m */; };
		EA9371711C05541300817EDA /* AFOSCClient.m in Sources */ = {isa = PBXBuildFile; fileRef = EA9371631C05541300817EDA /* AFOSCClient.m */; };
		EA9371721C05541300817EDA /* AFPropertyListRequestOperation.m in Sources */ = {isa = PBXBuildFile; fileRef = EA9371651C05541300817EDA /* AFPropertyListRequestOperation.m */; };
		EA9371731C05541300817EDA /* AFURLConnectionOperation.m in Sources */ = {isa = PBXBuildFile; fileRef = EA9371671C05541300817EDA /* AFURLConnectionOperation.m */; };
		EA9371741C05541300817EDA /* AFXMLRequestOperation.m in Sources */ = {isa = PBXBuildFile; fileRef = EA9371691C05541300817EDA /* AFXMLRequestOperation.m */; };
		EA9371751C05541300817EDA /* UIImageView+AFNetworking.m in Sources */ = {isa = PBXBuildFile; fileRef = EA93716B1C05541300817EDA /* UIImageView+AFNetworking.m */; };
		EA9371771C05548D00817EDA /* Security.framework in Frameworks */ = {isa = PBXBuildFile; fileRef = EA9371761C05548D00817EDA /* Security.framework */; };
		EA9371791C05549900817EDA /* MobileCoreServices.framework in Frameworks */ = {isa = PBXBuildFile; fileRef = EA9371781C05549800817EDA /* MobileCoreServices.framework */; };
		EA93717B1C0554A200817EDA /* SystemConfiguration.framework in Frameworks */ = {isa = PBXBuildFile; fileRef = EA93717A1C0554A200817EDA /* SystemConfiguration.framework */; };
		EA93717D1C05552C00817EDA /* CoreBluetooth.framework in Frameworks */ = {isa = PBXBuildFile; fileRef = EA93717C1C05552C00817EDA /* CoreBluetooth.framework */; };
		EA9371DC1C05555200817EDA /* libCorePlot-CocoaTouch.a in Frameworks */ = {isa = PBXBuildFile; fileRef = EA9371CE1C05555200817EDA /* libCorePlot-CocoaTouch.a */; };
		EA9371DD1C05555200817EDA /* ioapi.c in Sources */ = {isa = PBXBuildFile; fileRef = EA9371D21C05555200817EDA /* ioapi.c */; };
		EA9371DE1C05555200817EDA /* mztools.c in Sources */ = {isa = PBXBuildFile; fileRef = EA9371D41C05555200817EDA /* mztools.c */; };
		EA9371DF1C05555200817EDA /* unzip.c in Sources */ = {isa = PBXBuildFile; fileRef = EA9371D61C05555200817EDA /* unzip.c */; };
		EA9371E01C05555200817EDA /* zip.c in Sources */ = {isa = PBXBuildFile; fileRef = EA9371D81C05555200817EDA /* zip.c */; };
		EA9371E11C05555200817EDA /* SSZipArchive.m in Sources */ = {isa = PBXBuildFile; fileRef = EA9371DB1C05555200817EDA /* SSZipArchive.m */; };
		EA9371E31C0555F700817EDA /* Foundation.framework in Frameworks */ = {isa = PBXBuildFile; fileRef = EA9371E21C0555F700817EDA /* Foundation.framework */; };
		EA9371E51C0556C100817EDA /* libz.tbd in Frameworks */ = {isa = PBXBuildFile; fileRef = EA9371E41C0556C100817EDA /* libz.tbd */; };
		EA9371EA1C05576600817EDA /* libMobClickLibrary.a in Frameworks */ = {isa = PBXBuildFile; fileRef = EA9371E71C05576600817EDA /* libMobClickLibrary.a */; };
		EA9371EE1C055C8800817EDA /* CustomNavigationController.m in Sources */ = {isa = PBXBuildFile; fileRef = EA9371ED1C055C8800817EDA /* CustomNavigationController.m */; };
		EA9371F21C055DDA00817EDA /* HeBaseViewController.m in Sources */ = {isa = PBXBuildFile; fileRef = EA9371F01C055DDA00817EDA /* HeBaseViewController.m */; };
		EA9371F31C055DDA00817EDA /* HeBaseViewController.xib in Resources */ = {isa = PBXBuildFile; fileRef = EA9371F11C055DDA00817EDA /* HeBaseViewController.xib */; };
		EA9371F71C055F9400817EDA /* MainPageVC.m in Sources */ = {isa = PBXBuildFile; fileRef = EA9371F51C055F9400817EDA /* MainPageVC.m */; };
		EA9371F81C055F9400817EDA /* MainPageVC.xib in Resources */ = {isa = PBXBuildFile; fileRef = EA9371F61C055F9400817EDA /* MainPageVC.xib */; };
		EA9371FA1C05631E00817EDA /* NavBarIOS7.png in Resources */ = {isa = PBXBuildFile; fileRef = EA9371F91C05631E00817EDA /* NavBarIOS7.png */; };
		EA9371FC1C0564C000817EDA /* NAVGrayBg.png in Resources */ = {isa = PBXBuildFile; fileRef = EA9371FB1C0564C000817EDA /* NAVGrayBg.png */; };
		EA9372011C05808F00817EDA /* bannerIcon.png in Resources */ = {isa = PBXBuildFile; fileRef = EA9372001C05808F00817EDA /* bannerIcon.png */; };
		EA9372071C05816F00817EDA /* GrayBG.png in Resources */ = {isa = PBXBuildFile; fileRef = EA9372061C05816F00817EDA /* GrayBG.png */; };
		EA93720B1C05818E00817EDA /* HeStartPairVC.m in Sources */ = {isa = PBXBuildFile; fileRef = EA9372091C05818E00817EDA /* HeStartPairVC.m */; };
		EA93720C1C05818E00817EDA /* HeStartPairVC.xib in Resources */ = {isa = PBXBuildFile; fileRef = EA93720A1C05818E00817EDA /* HeStartPairVC.xib */; };
		EA93720F1C0586E600817EDA /* AsynImageView.m in Sources */ = {isa = PBXBuildFile; fileRef = EA93720E1C0586E600817EDA /* AsynImageView.m */; };
		EA9372131C05872900817EDA /* GTMBase64.m in Sources */ = {isa = PBXBuildFile; fileRef = EA9372111C05872900817EDA /* GTMBase64.m */; };
		EA9372191C05874900817EDA /* AHReach.m in Sources */ = {isa = PBXBuildFile; fileRef = EA9372161C05874900817EDA /* AHReach.m */; };
		EA93721A1C05874900817EDA /* Reachability.m in Sources */ = {isa = PBXBuildFile; fileRef = EA9372181C05874900817EDA /* Reachability.m */; };
		EA93721C1C058CE900817EDA /* blueBG.png in Resources */ = {isa = PBXBuildFile; fileRef = EA93721B1C058CE900817EDA /* blueBG.png */; };
		EA9372201C05A2F900817EDA /* ModifyDeviceVC.m in Sources */ = {isa = PBXBuildFile; fileRef = EA93721E1C05A2F900817EDA /* ModifyDeviceVC.m */; };
		EA9372211C05A2F900817EDA /* ModifyDeviceVC.xib in Resources */ = {isa = PBXBuildFile; fileRef = EA93721F1C05A2F900817EDA /* ModifyDeviceVC.xib */; };
		EA9372241C05A34100817EDA /* DeviceModel.m in Sources */ = {isa = PBXBuildFile; fileRef = EA9372231C05A34100817EDA /* DeviceModel.m */; };
		EA9372271C05A3A000817EDA /* PurifierModel.m in Sources */ = {isa = PBXBuildFile; fileRef = EA9372261C05A3A000817EDA /* PurifierModel.m */; };
		EAA69AAB1C044FD80037E89C /* main.m in Sources */ = {isa = PBXBuildFile; fileRef = EAA69AAA1C044FD80037E89C /* main.m */; };
		EAA69AAE1C044FD80037E89C /* AppDelegate.m in Sources */ = {isa = PBXBuildFile; fileRef = EAA69AAD1C044FD80037E89C /* AppDelegate.m */; };
		EAA69AB11C044FD80037E89C /* ViewController.m in Sources */ = {isa = PBXBuildFile; fileRef = EAA69AB01C044FD80037E89C /* ViewController.m */; };
		EAA69AB41C044FD80037E89C /* Main.storyboard in Resources */ = {isa = PBXBuildFile; fileRef = EAA69AB21C044FD80037E89C /* Main.storyboard */; };
		EAA69AB61C044FD80037E89C /* Assets.xcassets in Resources */ = {isa = PBXBuildFile; fileRef = EAA69AB51C044FD80037E89C /* Assets.xcassets */; };
		EAA69AB91C044FD80037E89C /* LaunchScreen.storyboard in Resources */ = {isa = PBXBuildFile; fileRef = EAA69AB71C044FD80037E89C /* LaunchScreen.storyboard */; };
		EAA69AC41C044FD80037E89C /* purifierTests.m in Sources */ = {isa = PBXBuildFile; fileRef = EAA69AC31C044FD80037E89C /* purifierTests.m */; };
		EACA40061C06B6B80035810E /* Localizable.strings in Resources */ = {isa = PBXBuildFile; fileRef = EACA40081C06B6B80035810E /* Localizable.strings */; };
		EACA400F1C06B7FD0035810E /* InfoPlist.strings in Resources */ = {isa = PBXBuildFile; fileRef = EACA40111C06B7FD0035810E /* InfoPlist.strings */; };
		EACA40151C06DEB10035810E /* circleGrayBG.png in Resources */ = {isa = PBXBuildFile; fileRef = EACA40141C06DEB10035810E /* circleGrayBG.png */; };
		EACA40171C06F1800035810E /* shutDownIcon.png in Resources */ = {isa = PBXBuildFile; fileRef = EACA40161C06F1800035810E /* shutDownIcon.png */; };
		EACA40191C06F5720035810E /* circleGraySepBG.png in Resources */ = {isa = PBXBuildFile; fileRef = EACA40181C06F5720035810E /* circleGraySepBG.png */; };
		EACDC0FB1C04BAEC00E6298E /* button_BG.png in Resources */ = {isa = PBXBuildFile; fileRef = EACDC0F21C04BAEC00E6298E /* button_BG.png */; };
		EACDC0FC1C04BAEC00E6298E /* scan_BG.png in Resources */ = {isa = PBXBuildFile; fileRef = EACDC0F31C04BAEC00E6298E /* scan_BG.png */; };
		EACDC0FD1C04BAEC00E6298E /* menuIcon.png in Resources */ = {isa = PBXBuildFile; fileRef = EACDC0F41C04BAEC00E6298E /* menuIcon.png */; };
		EACDC0FE1C04BAEC00E6298E /* switchIcon.png in Resources */ = {isa = PBXBuildFile; fileRef = EACDC0F51C04BAEC00E6298E /* switchIcon.png */; };
		EACDC0FF1C04BAEC00E6298E /* sleepIcon.png in Resources */ = {isa = PBXBuildFile; fileRef = EACDC0F61C04BAEC00E6298E /* sleepIcon.png */; };
		EACDC1001C04BAEC00E6298E /* autoIcon.png in Resources */ = {isa = PBXBuildFile; fileRef = EACDC0F71C04BAEC00E6298E /* autoIcon.png */; };
		EACDC1011C04BAEC00E6298E /* vitaIcon.png in Resources */ = {isa = PBXBuildFile; fileRef = EACDC0F81C04BAEC00E6298E /* vitaIcon.png */; };
		EACDC1021C04BAEC00E6298E /* icon_BG.png in Resources */ = {isa = PBXBuildFile; fileRef = EACDC0F91C04BAEC00E6298E /* icon_BG.png */; };
		EACDC1031C04BAEC00E6298E /* filterIcon.png in Resources */ = {isa = PBXBuildFile; fileRef = EACDC0FA1C04BAEC00E6298E /* filterIcon.png */; };
/* End PBXBuildFile section */

/* Begin PBXContainerItemProxy section */
		EAA69AC01C044FD80037E89C /* PBXContainerItemProxy */ = {
			isa = PBXContainerItemProxy;
			containerPortal = EAA69A9E1C044FD80037E89C /* Project object */;
			proxyType = 1;
			remoteGlobalIDString = EAA69AA51C044FD80037E89C;
			remoteInfo = purifier;
		};
/* End PBXContainerItemProxy section */

/* Begin PBXFileReference section */
		EA79325B1C05ED8B00DD1200 /* sleepNormal.png */ = {isa = PBXFileReference; lastKnownFileType = image.png; path = sleepNormal.png; sourceTree = "<group>"; };
		EA79325D1C05ED9500DD1200 /* autoNormal.png */ = {isa = PBXFileReference; lastKnownFileType = image.png; path = autoNormal.png; sourceTree = "<group>"; };
		EA79325E1C05ED9500DD1200 /* vitaNormal.png */ = {isa = PBXFileReference; lastKnownFileType = image.png; path = vitaNormal.png; sourceTree = "<group>"; };
		EA79325F1C05ED9500DD1200 /* decreaseNormal.png */ = {isa = PBXFileReference; lastKnownFileType = image.png; path = decreaseNormal.png; sourceTree = "<group>"; };
		EA7932601C05ED9500DD1200 /* addNormal.png */ = {isa = PBXFileReference; lastKnownFileType = image.png; path = addNormal.png; sourceTree = "<group>"; };
		EA7932611C05ED9500DD1200 /* filterNormal.png */ = {isa = PBXFileReference; lastKnownFileType = image.png; path = filterNormal.png; sourceTree = "<group>"; };
		EA7932621C05ED9500DD1200 /* sleepSelect.png */ = {isa = PBXFileReference; lastKnownFileType = image.png; path = sleepSelect.png; sourceTree = "<group>"; };
		EA7932641C05ED9500DD1200 /* autoSelect.png */ = {isa = PBXFileReference; lastKnownFileType = image.png; path = autoSelect.png; sourceTree = "<group>"; };
		EA7932651C05ED9500DD1200 /* decreaseSelect.png */ = {isa = PBXFileReference; lastKnownFileType = image.png; path = decreaseSelect.png; sourceTree = "<group>"; };
		EA7932661C05ED9500DD1200 /* addSelect.png */ = {isa = PBXFileReference; lastKnownFileType = image.png; path = addSelect.png; sourceTree = "<group>"; };
		EA7932671C05ED9500DD1200 /* filterSelect.png */ = {isa = PBXFileReference; lastKnownFileType = image.png; path = filterSelect.png; sourceTree = "<group>"; };
		EA7932731C05EF5F00DD1200 /* goodQualityBG.png */ = {isa = PBXFileReference; lastKnownFileType = image.png; path = goodQualityBG.png; sourceTree = "<group>"; };
		EA7932751C05EF9300DD1200 /* mediumQualityBG.png */ = {isa = PBXFileReference; lastKnownFileType = image.png; path = mediumQualityBG.png; sourceTree = "<group>"; };
		EA7932771C05EFB100DD1200 /* badQualityBG.png */ = {isa = PBXFileReference; lastKnownFileType = image.png; path = badQualityBG.png; sourceTree = "<group>"; };
		EA7932791C05F6D700DD1200 /* vitaSelect.png */ = {isa = PBXFileReference; lastKnownFileType = image.png; path = vitaSelect.png; sourceTree = "<group>"; };
		EA9371011C054C3B00817EDA /* HeInstructionView.m */ = {isa = PBXFileReference; fileEncoding = 4; lastKnownFileType = sourcecode.c.objc; path = HeInstructionView.m; sourceTree = "<group>"; };
		EA9371031C054C4C00817EDA /* HeInstructionView.h */ = {isa = PBXFileReference; fileEncoding = 4; lastKnownFileType = sourcecode.c.h; path = HeInstructionView.h; sourceTree = "<group>"; };
		EA9371061C054D7400817EDA /* FontAwesome.ttf */ = {isa = PBXFileReference; lastKnownFileType = file; path = FontAwesome.ttf; sourceTree = "<group>"; };
		EA9371071C054D7400817EDA /* NSString+Catagory.h */ = {isa = PBXFileReference; fileEncoding = 4; lastKnownFileType = sourcecode.c.h; path = "NSString+Catagory.h"; sourceTree = "<group>"; };
		EA9371081C054D7400817EDA /* NSString+Catagory.m */ = {isa = PBXFileReference; fileEncoding = 4; lastKnownFileType = sourcecode.c.objc; path = "NSString+Catagory.m"; sourceTree = "<group>"; };
		EA9371091C054D7400817EDA /* NSString+FontAwesome.h */ = {isa = PBXFileReference; fileEncoding = 4; lastKnownFileType = sourcecode.c.h; path = "NSString+FontAwesome.h"; sourceTree = "<group>"; };
		EA93710A1C054D7400817EDA /* NSString+FontAwesome.m */ = {isa = PBXFileReference; fileEncoding = 4; lastKnownFileType = sourcecode.c.objc; path = "NSString+FontAwesome.m"; sourceTree = "<group>"; };
		EA93710B1C054D7400817EDA /* UIButton+associate.h */ = {isa = PBXFileReference; fileEncoding = 4; lastKnownFileType = sourcecode.c.h; path = "UIButton+associate.h"; sourceTree = "<group>"; };
		EA93710C1C054D7400817EDA /* UIButton+associate.m */ = {isa = PBXFileReference; fileEncoding = 4; lastKnownFileType = sourcecode.c.objc; path = "UIButton+associate.m"; sourceTree = "<group>"; };
		EA93710D1C054D7400817EDA /* UIButton+Bootstrap.h */ = {isa = PBXFileReference; fileEncoding = 4; lastKnownFileType = sourcecode.c.h; path = "UIButton+Bootstrap.h"; sourceTree = "<group>"; };
		EA93710E1C054D7400817EDA /* UIButton+Bootstrap.m */ = {isa = PBXFileReference; fileEncoding = 4; lastKnownFileType = sourcecode.c.objc; path = "UIButton+Bootstrap.m"; sourceTree = "<group>"; };
		EA9371151C054D9500817EDA /* CHANGELOG.md */ = {isa = PBXFileReference; fileEncoding = 4; lastKnownFileType = net.daringfireball.markdown; path = CHANGELOG.md; sourceTree = "<group>"; };
		EA9371161C054D9500817EDA /* JSONKit.h */ = {isa = PBXFileReference; fileEncoding = 4; lastKnownFileType = sourcecode.c.h; path = JSONKit.h; sourceTree = "<group>"; };
		EA9371171C054D9500817EDA /* JSONKit.m */ = {isa = PBXFileReference; fileEncoding = 4; lastKnownFileType = sourcecode.c.objc; path = JSONKit.m; sourceTree = "<group>"; };
		EA9371181C054D9500817EDA /* README.md */ = {isa = PBXFileReference; fileEncoding = 4; lastKnownFileType = net.daringfireball.markdown; path = README.md; sourceTree = "<group>"; };
		EA93711D1C054DB300817EDA /* IQKeyboardManager.bundle */ = {isa = PBXFileReference; lastKnownFileType = "wrapper.plug-in"; path = IQKeyboardManager.bundle; sourceTree = "<group>"; };
		EA93711E1C054DB300817EDA /* IQKeyboardManager.h */ = {isa = PBXFileReference; fileEncoding = 4; lastKnownFileType = sourcecode.c.h; path = IQKeyboardManager.h; sourceTree = "<group>"; };
		EA93711F1C054DB300817EDA /* IQKeyboardManager.m */ = {isa = PBXFileReference; fileEncoding = 4; lastKnownFileType = sourcecode.c.objc; path = IQKeyboardManager.m; sourceTree = "<group>"; };
		EA9371201C054DB300817EDA /* IQKeyboardManagerConstants.h */ = {isa = PBXFileReference; fileEncoding = 4; lastKnownFileType = sourcecode.c.h; path = IQKeyboardManagerConstants.h; sourceTree = "<group>"; };
		EA9371211C054DB300817EDA /* IQKeyboardManagerConstantsInternal.h */ = {isa = PBXFileReference; fileEncoding = 4; lastKnownFileType = sourcecode.c.h; path = IQKeyboardManagerConstantsInternal.h; sourceTree = "<group>"; };
		EA9371221C054DB300817EDA /* IQSegmentedNextPrevious.h */ = {isa = PBXFileReference; fileEncoding = 4; lastKnownFileType = sourcecode.c.h; path = IQSegmentedNextPrevious.h; sourceTree = "<group>"; };
		EA9371231C054DB300817EDA /* IQSegmentedNextPrevious.m */ = {isa = PBXFileReference; fileEncoding = 4; lastKnownFileType = sourcecode.c.objc; path = IQSegmentedNextPrevious.m; sourceTree = "<group>"; };
		EA9371241C054DB300817EDA /* IQTextView.h */ = {isa = PBXFileReference; fileEncoding = 4; lastKnownFileType = sourcecode.c.h; path = IQTextView.h; sourceTree = "<group>"; };
		EA9371251C054DB300817EDA /* IQTextView.m */ = {isa = PBXFileReference; fileEncoding = 4; lastKnownFileType = sourcecode.c.objc; path = IQTextView.m; sourceTree = "<group>"; };
		EA9371261C054DB300817EDA /* IQTitleBarButtonItem.h */ = {isa = PBXFileReference; fileEncoding = 4; lastKnownFileType = sourcecode.c.h; path = IQTitleBarButtonItem.h; sourceTree = "<group>"; };
		EA9371271C054DB300817EDA /* IQTitleBarButtonItem.m */ = {isa = PBXFileReference; fileEncoding = 4; lastKnownFileType = sourcecode.c.objc; path = IQTitleBarButtonItem.m; sourceTree = "<group>"; };
		EA9371281C054DB300817EDA /* IQToolbar.h */ = {isa = PBXFileReference; fileEncoding = 4; lastKnownFileType = sourcecode.c.h; path = IQToolbar.h; sourceTree = "<group>"; };
		EA9371291C054DB300817EDA /* IQToolbar.m */ = {isa = PBXFileReference; fileEncoding = 4; lastKnownFileType = sourcecode.c.objc; path = IQToolbar.m; sourceTree = "<group>"; };
		EA93712A1C054DB300817EDA /* KeyboardManager.h */ = {isa = PBXFileReference; fileEncoding = 4; lastKnownFileType = sourcecode.c.h; path = KeyboardManager.h; sourceTree = "<group>"; };
		EA93712B1C054DB300817EDA /* NSArray+Sort.h */ = {isa = PBXFileReference; fileEncoding = 4; lastKnownFileType = sourcecode.c.h; path = "NSArray+Sort.h"; sourceTree = "<group>"; };
		EA93712C1C054DB300817EDA /* NSArray+Sort.m */ = {isa = PBXFileReference; fileEncoding = 4; lastKnownFileType = sourcecode.c.objc; path = "NSArray+Sort.m"; sourceTree = "<group>"; };
		EA93712D1C054DB300817EDA /* UIView+Hierarchy.h */ = {isa = PBXFileReference; fileEncoding = 4; lastKnownFileType = sourcecode.c.h; path = "UIView+Hierarchy.h"; sourceTree = "<group>"; };
		EA93712E1C054DB300817EDA /* UIView+Hierarchy.m */ = {isa = PBXFileReference; fileEncoding = 4; lastKnownFileType = sourcecode.c.objc; path = "UIView+Hierarchy.m"; sourceTree = "<group>"; };
		EA93712F1C054DB300817EDA /* UIView+IQKeyboardToolbar.h */ = {isa = PBXFileReference; fileEncoding = 4; lastKnownFileType = sourcecode.c.h; path = "UIView+IQKeyboardToolbar.h"; sourceTree = "<group>"; };
		EA9371301C054DB300817EDA /* UIView+IQKeyboardToolbar.m */ = {isa = PBXFileReference; fileEncoding = 4; lastKnownFileType = sourcecode.c.objc; path = "UIView+IQKeyboardToolbar.m"; sourceTree = "<group>"; };
		EA9371311C054DB300817EDA /* UIWindow+Hierarchy.h */ = {isa = PBXFileReference; fileEncoding = 4; lastKnownFileType = sourcecode.c.h; path = "UIWindow+Hierarchy.h"; sourceTree = "<group>"; };
		EA9371321C054DB300817EDA /* UIWindow+Hierarchy.m */ = {isa = PBXFileReference; fileEncoding = 4; lastKnownFileType = sourcecode.c.objc; path = "UIWindow+Hierarchy.m"; sourceTree = "<group>"; };
		EA93713E1C054DFC00817EDA /* MBProgressHUD+Add.h */ = {isa = PBXFileReference; fileEncoding = 4; lastKnownFileType = sourcecode.c.h; path = "MBProgressHUD+Add.h"; sourceTree = "<group>"; };
		EA93713F1C054DFC00817EDA /* MBProgressHUD+Add.m */ = {isa = PBXFileReference; fileEncoding = 4; lastKnownFileType = sourcecode.c.objc; path = "MBProgressHUD+Add.m"; sourceTree = "<group>"; };
		EA9371401C054DFC00817EDA /* MBProgressHUD.bundle */ = {isa = PBXFileReference; lastKnownFileType = "wrapper.plug-in"; path = MBProgressHUD.bundle; sourceTree = "<group>"; };
		EA9371411C054DFC00817EDA /* MBProgressHUD.h */ = {isa = PBXFileReference; fileEncoding = 4; lastKnownFileType = sourcecode.c.h; path = MBProgressHUD.h; sourceTree = "<group>"; };
		EA9371421C054DFC00817EDA /* MBProgressHUD.m */ = {isa = PBXFileReference; fileEncoding = 4; lastKnownFileType = sourcecode.c.objc; path = MBProgressHUD.m; sourceTree = "<group>"; };
		EA9371431C054DFC00817EDA /* UIViewController+HUD.h */ = {isa = PBXFileReference; fileEncoding = 4; lastKnownFileType = sourcecode.c.h; path = "UIViewController+HUD.h"; sourceTree = "<group>"; };
		EA9371441C054DFC00817EDA /* UIViewController+HUD.m */ = {isa = PBXFileReference; fileEncoding = 4; lastKnownFileType = sourcecode.c.objc; path = "UIViewController+HUD.m"; sourceTree = "<group>"; };
		EA93714A1C054E8800817EDA /* DDMenuController.h */ = {isa = PBXFileReference; fileEncoding = 4; lastKnownFileType = sourcecode.c.h; path = DDMenuController.h; sourceTree = "<group>"; };
		EA93714B1C054E8800817EDA /* DDMenuController.m */ = {isa = PBXFileReference; fileEncoding = 4; lastKnownFileType = sourcecode.c.objc; path = DDMenuController.m; sourceTree = "<group>"; };
		EA93714C1C054E8800817EDA /* LeftController.h */ = {isa = PBXFileReference; fileEncoding = 4; lastKnownFileType = sourcecode.c.h; path = LeftController.h; sourceTree = "<group>"; };
		EA93714D1C054E8800817EDA /* LeftController.m */ = {isa = PBXFileReference; fileEncoding = 4; lastKnownFileType = sourcecode.c.objc; path = LeftController.m; sourceTree = "<group>"; };
		EA9371511C054EE600817EDA /* QuartzCore.framework */ = {isa = PBXFileReference; lastKnownFileType = wrapper.framework; name = QuartzCore.framework; path = System/Library/Frameworks/QuartzCore.framework; sourceTree = SDKROOT; };
		EA9371531C054F2300817EDA /* CoreGraphics.framework */ = {isa = PBXFileReference; lastKnownFileType = wrapper.framework; name = CoreGraphics.framework; path = System/Library/Frameworks/CoreGraphics.framework; sourceTree = SDKROOT; };
		EA9371551C054FFE00817EDA /* Purifier.pch */ = {isa = PBXFileReference; fileEncoding = 4; lastKnownFileType = sourcecode.c.h; path = Purifier.pch; sourceTree = "<group>"; };
		EA9371571C05541300817EDA /* AFHTTPClient.h */ = {isa = PBXFileReference; fileEncoding = 4; lastKnownFileType = sourcecode.c.h; path = AFHTTPClient.h; sourceTree = "<group>"; };
		EA9371581C05541300817EDA /* AFHTTPClient.m */ = {isa = PBXFileReference; fileEncoding = 4; lastKnownFileType = sourcecode.c.objc; path = AFHTTPClient.m; sourceTree = "<group>"; };
		EA9371591C05541300817EDA /* AFHTTPRequestOperation.h */ = {isa = PBXFileReference; fileEncoding = 4; lastKnownFileType = sourcecode.c.h; path = AFHTTPRequestOperation.h; sourceTree = "<group>"; };
		EA93715A1C05541300817EDA /* AFHTTPRequestOperation.m */ = {isa = PBXFileReference; fileEncoding = 4; lastKnownFileType = sourcecode.c.objc; path = AFHTTPRequestOperation.m; sourceTree = "<group>"; };
		EA93715B1C05541300817EDA /* AFImageRequestOperation.h */ = {isa = PBXFileReference; fileEncoding = 4; lastKnownFileType = sourcecode.c.h; path = AFImageRequestOperation.h; sourceTree = "<group>"; };
		EA93715C1C05541300817EDA /* AFImageRequestOperation.m */ = {isa = PBXFileReference; fileEncoding = 4; lastKnownFileType = sourcecode.c.objc; path = AFImageRequestOperation.m; sourceTree = "<group>"; };
		EA93715D1C05541300817EDA /* AFJSONRequestOperation.h */ = {isa = PBXFileReference; fileEncoding = 4; lastKnownFileType = sourcecode.c.h; path = AFJSONRequestOperation.h; sourceTree = "<group>"; };
		EA93715E1C05541300817EDA /* AFJSONRequestOperation.m */ = {isa = PBXFileReference; fileEncoding = 4; lastKnownFileType = sourcecode.c.objc; path = AFJSONRequestOperation.m; sourceTree = "<group>"; };
		EA93715F1C05541300817EDA /* AFNetworkActivityIndicatorManager.h */ = {isa = PBXFileReference; fileEncoding = 4; lastKnownFileType = sourcecode.c.h; path = AFNetworkActivityIndicatorManager.h; sourceTree = "<group>"; };
		EA9371601C05541300817EDA /* AFNetworkActivityIndicatorManager.m */ = {isa = PBXFileReference; fileEncoding = 4; lastKnownFileType = sourcecode.c.objc; path = AFNetworkActivityIndicatorManager.m; sourceTree = "<group>"; };
		EA9371611C05541300817EDA /* AFNetworking.h */ = {isa = PBXFileReference; fileEncoding = 4; lastKnownFileType = sourcecode.c.h; path = AFNetworking.h; sourceTree = "<group>"; };
		EA9371621C05541300817EDA /* AFOSCClient.h */ = {isa = PBXFileReference; fileEncoding = 4; lastKnownFileType = sourcecode.c.h; path = AFOSCClient.h; sourceTree = "<group>"; };
		EA9371631C05541300817EDA /* AFOSCClient.m */ = {isa = PBXFileReference; fileEncoding = 4; lastKnownFileType = sourcecode.c.objc; path = AFOSCClient.m; sourceTree = "<group>"; };
		EA9371641C05541300817EDA /* AFPropertyListRequestOperation.h */ = {isa = PBXFileReference; fileEncoding = 4; lastKnownFileType = sourcecode.c.h; path = AFPropertyListRequestOperation.h; sourceTree = "<group>"; };
		EA9371651C05541300817EDA /* AFPropertyListRequestOperation.m */ = {isa = PBXFileReference; fileEncoding = 4; lastKnownFileType = sourcecode.c.objc; path = AFPropertyListRequestOperation.m; sourceTree = "<group>"; };
		EA9371661C05541300817EDA /* AFURLConnectionOperation.h */ = {isa = PBXFileReference; fileEncoding = 4; lastKnownFileType = sourcecode.c.h; path = AFURLConnectionOperation.h; sourceTree = "<group>"; };
		EA9371671C05541300817EDA /* AFURLConnectionOperation.m */ = {isa = PBXFileReference; fileEncoding = 4; lastKnownFileType = sourcecode.c.objc; path = AFURLConnectionOperation.m; sourceTree = "<group>"; };
		EA9371681C05541300817EDA /* AFXMLRequestOperation.h */ = {isa = PBXFileReference; fileEncoding = 4; lastKnownFileType = sourcecode.c.h; path = AFXMLRequestOperation.h; sourceTree = "<group>"; };
		EA9371691C05541300817EDA /* AFXMLRequestOperation.m */ = {isa = PBXFileReference; fileEncoding = 4; lastKnownFileType = sourcecode.c.objc; path = AFXMLRequestOperation.m; sourceTree = "<group>"; };
		EA93716A1C05541300817EDA /* UIImageView+AFNetworking.h */ = {isa = PBXFileReference; fileEncoding = 4; lastKnownFileType = sourcecode.c.h; path = "UIImageView+AFNetworking.h"; sourceTree = "<group>"; };
		EA93716B1C05541300817EDA /* UIImageView+AFNetworking.m */ = {isa = PBXFileReference; fileEncoding = 4; lastKnownFileType = sourcecode.c.objc; path = "UIImageView+AFNetworking.m"; sourceTree = "<group>"; };
		EA9371761C05548D00817EDA /* Security.framework */ = {isa = PBXFileReference; lastKnownFileType = wrapper.framework; name = Security.framework; path = System/Library/Frameworks/Security.framework; sourceTree = SDKROOT; };
		EA9371781C05549800817EDA /* MobileCoreServices.framework */ = {isa = PBXFileReference; lastKnownFileType = wrapper.framework; name = MobileCoreServices.framework; path = System/Library/Frameworks/MobileCoreServices.framework; sourceTree = SDKROOT; };
		EA93717A1C0554A200817EDA /* SystemConfiguration.framework */ = {isa = PBXFileReference; lastKnownFileType = wrapper.framework; name = SystemConfiguration.framework; path = System/Library/Frameworks/SystemConfiguration.framework; sourceTree = SDKROOT; };
		EA93717C1C05552C00817EDA /* CoreBluetooth.framework */ = {isa = PBXFileReference; lastKnownFileType = wrapper.framework; name = CoreBluetooth.framework; path = System/Library/Frameworks/CoreBluetooth.framework; sourceTree = SDKROOT; };
		EA9371801C05555200817EDA /* CorePlot-CocoaTouch.h */ = {isa = PBXFileReference; fileEncoding = 4; lastKnownFileType = sourcecode.c.h; path = "CorePlot-CocoaTouch.h"; sourceTree = "<group>"; };
		EA9371811C05555200817EDA /* CPTAnimation.h */ = {isa = PBXFileReference; fileEncoding = 4; lastKnownFileType = sourcecode.c.h; path = CPTAnimation.h; sourceTree = "<group>"; };
		EA9371821C05555200817EDA /* CPTAnimationOperation.h */ = {isa = PBXFileReference; fileEncoding = 4; lastKnownFileType = sourcecode.c.h; path = CPTAnimationOperation.h; sourceTree = "<group>"; };
		EA9371831C05555200817EDA /* CPTAnimationPeriod.h */ = {isa = PBXFileReference; fileEncoding = 4; lastKnownFileType = sourcecode.c.h; path = CPTAnimationPeriod.h; sourceTree = "<group>"; };
		EA9371841C05555200817EDA /* CPTAnnotation.h */ = {isa = PBXFileReference; fileEncoding = 4; lastKnownFileType = sourcecode.c.h; path = CPTAnnotation.h; sourceTree = "<group>"; };
		EA9371851C05555200817EDA /* CPTAnnotationHostLayer.h */ = {isa = PBXFileReference; fileEncoding = 4; lastKnownFileType = sourcecode.c.h; path = CPTAnnotationHostLayer.h; sourceTree = "<group>"; };
		EA9371861C05555200817EDA /* CPTAxis.h */ = {isa = PBXFileReference; fileEncoding = 4; lastKnownFileType = sourcecode.c.h; path = CPTAxis.h; sourceTree = "<group>"; };
		EA9371871C05555200817EDA /* CPTAxisLabel.h */ = {isa = PBXFileReference; fileEncoding = 4; lastKnownFileType = sourcecode.c.h; path = CPTAxisLabel.h; sourceTree = "<group>"; };
		EA9371881C05555200817EDA /* CPTAxisLabelGroup.h */ = {isa = PBXFileReference; fileEncoding = 4; lastKnownFileType = sourcecode.c.h; path = CPTAxisLabelGroup.h; sourceTree = "<group>"; };
		EA9371891C05555200817EDA /* CPTAxisSet.h */ = {isa = PBXFileReference; fileEncoding = 4; lastKnownFileType = sourcecode.c.h; path = CPTAxisSet.h; sourceTree = "<group>"; };
		EA93718A1C05555200817EDA /* CPTAxisTitle.h */ = {isa = PBXFileReference; fileEncoding = 4; lastKnownFileType = sourcecode.c.h; path = CPTAxisTitle.h; sourceTree = "<group>"; };
		EA93718B1C05555200817EDA /* CPTBarPlot.h */ = {isa = PBXFileReference; fileEncoding = 4; lastKnownFileType = sourcecode.c.h; path = CPTBarPlot.h; sourceTree = "<group>"; };
		EA93718C1C05555200817EDA /* CPTBorderedLayer.h */ = {isa = PBXFileReference; fileEncoding = 4; lastKnownFileType = sourcecode.c.h; path = CPTBorderedLayer.h; sourceTree = "<group>"; };
		EA93718D1C05555200817EDA /* CPTCalendarFormatter.h */ = {isa = PBXFileReference; fileEncoding = 4; lastKnownFileType = sourcecode.c.h; path = CPTCalendarFormatter.h; sourceTree = "<group>"; };
		EA93718E1C05555200817EDA /* CPTColor.h */ = {isa = PBXFileReference; fileEncoding = 4; lastKnownFileType = sourcecode.c.h; path = CPTColor.h; sourceTree = "<group>"; };
		EA93718F1C05555200817EDA /* CPTColorSpace.h */ = {isa = PBXFileReference; fileEncoding = 4; lastKnownFileType = sourcecode.c.h; path = CPTColorSpace.h; sourceTree = "<group>"; };
		EA9371901C05555200817EDA /* CPTConstraints.h */ = {isa = PBXFileReference; fileEncoding = 4; lastKnownFileType = sourcecode.c.h; path = CPTConstraints.h; sourceTree = "<group>"; };
		EA9371911C05555200817EDA /* CPTDataSourceTestCase.h */ = {isa = PBXFileReference; fileEncoding = 4; lastKnownFileType = sourcecode.c.h; path = CPTDataSourceTestCase.h; sourceTree = "<group>"; };
		EA9371921C05555200817EDA /* CPTDefinitions.h */ = {isa = PBXFileReference; fileEncoding = 4; lastKnownFileType = sourcecode.c.h; path = CPTDefinitions.h; sourceTree = "<group>"; };
		EA9371931C05555200817EDA /* CPTDerivedXYGraph.h */ = {isa = PBXFileReference; fileEncoding = 4; lastKnownFileType = sourcecode.c.h; path = CPTDerivedXYGraph.h; sourceTree = "<group>"; };
		EA9371941C05555200817EDA /* CPTExceptions.h */ = {isa = PBXFileReference; fileEncoding = 4; lastKnownFileType = sourcecode.c.h; path = CPTExceptions.h; sourceTree = "<group>"; };
		EA9371951C05555200817EDA /* CPTFill.h */ = {isa = PBXFileReference; fileEncoding = 4; lastKnownFileType = sourcecode.c.h; path = CPTFill.h; sourceTree = "<group>"; };
		EA9371961C05555200817EDA /* CPTFunctionDataSource.h */ = {isa = PBXFileReference; fileEncoding = 4; lastKnownFileType = sourcecode.c.h; path = CPTFunctionDataSource.h; sourceTree = "<group>"; };
		EA9371971C05555200817EDA /* CPTGradient.h */ = {isa = PBXFileReference; fileEncoding = 4; lastKnownFileType = sourcecode.c.h; path = CPTGradient.h; sourceTree = "<group>"; };
		EA9371981C05555200817EDA /* CPTGraph.h */ = {isa = PBXFileReference; fileEncoding = 4; lastKnownFileType = sourcecode.c.h; path = CPTGraph.h; sourceTree = "<group>"; };
		EA9371991C05555200817EDA /* CPTGraphHostingView.h */ = {isa = PBXFileReference; fileEncoding = 4; lastKnownFileType = sourcecode.c.h; path = CPTGraphHostingView.h; sourceTree = "<group>"; };
		EA93719A1C05555200817EDA /* CPTGridLineGroup.h */ = {isa = PBXFileReference; fileEncoding = 4; lastKnownFileType = sourcecode.c.h; path = CPTGridLineGroup.h; sourceTree = "<group>"; };
		EA93719B1C05555200817EDA /* CPTGridLines.h */ = {isa = PBXFileReference; fileEncoding = 4; lastKnownFileType = sourcecode.c.h; path = CPTGridLines.h; sourceTree = "<group>"; };
		EA93719C1C05555200817EDA /* CPTImage.h */ = {isa = PBXFileReference; fileEncoding = 4; lastKnownFileType = sourcecode.c.h; path = CPTImage.h; sourceTree = "<group>"; };
		EA93719D1C05555200817EDA /* CPTLayer.h */ = {isa = PBXFileReference; fileEncoding = 4; lastKnownFileType = sourcecode.c.h; path = CPTLayer.h; sourceTree = "<group>"; };
		EA93719E1C05555200817EDA /* CPTLayerAnnotation.h */ = {isa = PBXFileReference; fileEncoding = 4; lastKnownFileType = sourcecode.c.h; path = CPTLayerAnnotation.h; sourceTree = "<group>"; };
		EA93719F1C05555200817EDA /* CPTLegend.h */ = {isa = PBXFileReference; fileEncoding = 4; lastKnownFileType = sourcecode.c.h; path = CPTLegend.h; sourceTree = "<group>"; };
		EA9371A01C05555200817EDA /* CPTLegendEntry.h */ = {isa = PBXFileReference; fileEncoding = 4; lastKnownFileType = sourcecode.c.h; path = CPTLegendEntry.h; sourceTree = "<group>"; };
		EA9371A11C05555200817EDA /* CPTLimitBand.h */ = {isa = PBXFileReference; fileEncoding = 4; lastKnownFileType = sourcecode.c.h; path = CPTLimitBand.h; sourceTree = "<group>"; };
		EA9371A21C05555200817EDA /* CPTLineCap.h */ = {isa = PBXFileReference; fileEncoding = 4; lastKnownFileType = sourcecode.c.h; path = CPTLineCap.h; sourceTree = "<group>"; };
		EA9371A31C05555200817EDA /* CPTLineStyle.h */ = {isa = PBXFileReference; fileEncoding = 4; lastKnownFileType = sourcecode.c.h; path = CPTLineStyle.h; sourceTree = "<group>"; };
		EA9371A41C05555200817EDA /* CPTMutableLineStyle.h */ = {isa = PBXFileReference; fileEncoding = 4; lastKnownFileType = sourcecode.c.h; path = CPTMutableLineStyle.h; sourceTree = "<group>"; };
		EA9371A51C05555200817EDA /* CPTMutableNumericData+TypeConversion.h */ = {isa = PBXFileReference; fileEncoding = 4; lastKnownFileType = sourcecode.c.h; path = "CPTMutableNumericData+TypeConversion.h"; sourceTree = "<group>"; };
		EA9371A61C05555200817EDA /* CPTMutableNumericData.h */ = {isa = PBXFileReference; fileEncoding = 4; lastKnownFileType = sourcecode.c.h; path = CPTMutableNumericData.h; sourceTree = "<group>"; };
		EA9371A71C05555200817EDA /* CPTMutablePlotRange.h */ = {isa = PBXFileReference; fileEncoding = 4; lastKnownFileType = sourcecode.c.h; path = CPTMutablePlotRange.h; sourceTree = "<group>"; };
		EA9371A81C05555200817EDA /* CPTMutableShadow.h */ = {isa = PBXFileReference; fileEncoding = 4; lastKnownFileType = sourcecode.c.h; path = CPTMutableShadow.h; sourceTree = "<group>"; };
		EA9371A91C05555200817EDA /* CPTMutableTextStyle.h */ = {isa = PBXFileReference; fileEncoding = 4; lastKnownFileType = sourcecode.c.h; path = CPTMutableTextStyle.h; sourceTree = "<group>"; };
		EA9371AA1C05555200817EDA /* CPTNumericData+TypeConversion.h */ = {isa = PBXFileReference; fileEncoding = 4; lastKnownFileType = sourcecode.c.h; path = "CPTNumericData+TypeConversion.h"; sourceTree = "<group>"; };
		EA9371AB1C05555200817EDA /* CPTNumericData.h */ = {isa = PBXFileReference; fileEncoding = 4; lastKnownFileType = sourcecode.c.h; path = CPTNumericData.h; sourceTree = "<group>"; };
		EA9371AC1C05555200817EDA /* CPTNumericDataType.h */ = {isa = PBXFileReference; fileEncoding = 4; lastKnownFileType = sourcecode.c.h; path = CPTNumericDataType.h; sourceTree = "<group>"; };
		EA9371AD1C05555200817EDA /* CPTPathExtensions.h */ = {isa = PBXFileReference; fileEncoding = 4; lastKnownFileType = sourcecode.c.h; path = CPTPathExtensions.h; sourceTree = "<group>"; };
		EA9371AE1C05555200817EDA /* CPTPieChart.h */ = {isa = PBXFileReference; fileEncoding = 4; lastKnownFileType = sourcecode.c.h; path = CPTPieChart.h; sourceTree = "<group>"; };
		EA9371AF1C05555200817EDA /* CPTPlatformSpecificCategories.h */ = {isa = PBXFileReference; fileEncoding = 4; lastKnownFileType = sourcecode.c.h; path = CPTPlatformSpecificCategories.h; sourceTree = "<group>"; };
		EA9371B01C05555200817EDA /* CPTPlatformSpecificDefines.h */ = {isa = PBXFileReference; fileEncoding = 4; lastKnownFileType = sourcecode.c.h; path = CPTPlatformSpecificDefines.h; sourceTree = "<group>"; };
		EA9371B11C05555200817EDA /* CPTPlatformSpecificFunctions.h */ = {isa = PBXFileReference; fileEncoding = 4; lastKnownFileType = sourcecode.c.h; path = CPTPlatformSpecificFunctions.h; sourceTree = "<group>"; };
		EA9371B21C05555200817EDA /* CPTPlot.h */ = {isa = PBXFileReference; fileEncoding = 4; lastKnownFileType = sourcecode.c.h; path = CPTPlot.h; sourceTree = "<group>"; };
		EA9371B31C05555200817EDA /* CPTPlotArea.h */ = {isa = PBXFileReference; fileEncoding = 4; lastKnownFileType = sourcecode.c.h; path = CPTPlotArea.h; sourceTree = "<group>"; };
		EA9371B41C05555200817EDA /* CPTPlotAreaFrame.h */ = {isa = PBXFileReference; fileEncoding = 4; lastKnownFileType = sourcecode.c.h; path = CPTPlotAreaFrame.h; sourceTree = "<group>"; };
		EA9371B51C05555200817EDA /* CPTPlotGroup.h */ = {isa = PBXFileReference; fileEncoding = 4; lastKnownFileType = sourcecode.c.h; path = CPTPlotGroup.h; sourceTree = "<group>"; };
		EA9371B61C05555200817EDA /* CPTPlotRange.h */ = {isa = PBXFileReference; fileEncoding = 4; lastKnownFileType = sourcecode.c.h; path = CPTPlotRange.h; sourceTree = "<group>"; };
		EA9371B71C05555200817EDA /* CPTPlotSpace.h */ = {isa = PBXFileReference; fileEncoding = 4; lastKnownFileType = sourcecode.c.h; path = CPTPlotSpace.h; sourceTree = "<group>"; };
		EA9371B81C05555200817EDA /* CPTPlotSpaceAnnotation.h */ = {isa = PBXFileReference; fileEncoding = 4; lastKnownFileType = sourcecode.c.h; path = CPTPlotSpaceAnnotation.h; sourceTree = "<group>"; };
		EA9371B91C05555200817EDA /* CPTPlotSymbol.h */ = {isa = PBXFileReference; fileEncoding = 4; lastKnownFileType = sourcecode.c.h; path = CPTPlotSymbol.h; sourceTree = "<group>"; };
		EA9371BA1C05555200817EDA /* CPTRangePlot.h */ = {isa = PBXFileReference; fileEncoding = 4; lastKnownFileType = sourcecode.c.h; path = CPTRangePlot.h; sourceTree = "<group>"; };
		EA9371BB1C05555200817EDA /* CPTResponder.h */ = {isa = PBXFileReference; fileEncoding = 4; lastKnownFileType = sourcecode.c.h; path = CPTResponder.h; sourceTree = "<group>"; };
		EA9371BC1C05555200817EDA /* CPTScatterPlot.h */ = {isa = PBXFileReference; fileEncoding = 4; lastKnownFileType = sourcecode.c.h; path = CPTScatterPlot.h; sourceTree = "<group>"; };
		EA9371BD1C05555200817EDA /* CPTShadow.h */ = {isa = PBXFileReference; fileEncoding = 4; lastKnownFileType = sourcecode.c.h; path = CPTShadow.h; sourceTree = "<group>"; };
		EA9371BE1C05555200817EDA /* CPTTestCase.h */ = {isa = PBXFileReference; fileEncoding = 4; lastKnownFileType = sourcecode.c.h; path = CPTTestCase.h; sourceTree = "<group>"; };
		EA9371BF1C05555200817EDA /* CPTTextLayer.h */ = {isa = PBXFileReference; fileEncoding = 4; lastKnownFileType = sourcecode.c.h; path = CPTTextLayer.h; sourceTree = "<group>"; };
		EA9371C01C05555200817EDA /* CPTTextStyle.h */ = {isa = PBXFileReference; fileEncoding = 4; lastKnownFileType = sourcecode.c.h; path = CPTTextStyle.h; sourceTree = "<group>"; };
		EA9371C11C05555200817EDA /* CPTTextStylePlatformSpecific.h */ = {isa = PBXFileReference; fileEncoding = 4; lastKnownFileType = sourcecode.c.h; path = CPTTextStylePlatformSpecific.h; sourceTree = "<group>"; };
		EA9371C21C05555200817EDA /* CPTTheme.h */ = {isa = PBXFileReference; fileEncoding = 4; lastKnownFileType = sourcecode.c.h; path = CPTTheme.h; sourceTree = "<group>"; };
		EA9371C31C05555200817EDA /* CPTTimeFormatter.h */ = {isa = PBXFileReference; fileEncoding = 4; lastKnownFileType = sourcecode.c.h; path = CPTTimeFormatter.h; sourceTree = "<group>"; };
		EA9371C41C05555200817EDA /* CPTTradingRangePlot.h */ = {isa = PBXFileReference; fileEncoding = 4; lastKnownFileType = sourcecode.c.h; path = CPTTradingRangePlot.h; sourceTree = "<group>"; };
		EA9371C51C05555200817EDA /* CPTUtilities.h */ = {isa = PBXFileReference; fileEncoding = 4; lastKnownFileType = sourcecode.c.h; path = CPTUtilities.h; sourceTree = "<group>"; };
		EA9371C61C05555200817EDA /* CPTXYAxis.h */ = {isa = PBXFileReference; fileEncoding = 4; lastKnownFileType = sourcecode.c.h; path = CPTXYAxis.h; sourceTree = "<group>"; };
		EA9371C71C05555200817EDA /* CPTXYAxisSet.h */ = {isa = PBXFileReference; fileEncoding = 4; lastKnownFileType = sourcecode.c.h; path = CPTXYAxisSet.h; sourceTree = "<group>"; };
		EA9371C81C05555200817EDA /* CPTXYGraph.h */ = {isa = PBXFileReference; fileEncoding = 4; lastKnownFileType = sourcecode.c.h; path = CPTXYGraph.h; sourceTree = "<group>"; };
		EA9371C91C05555200817EDA /* CPTXYPlotSpace.h */ = {isa = PBXFileReference; fileEncoding = 4; lastKnownFileType = sourcecode.c.h; path = CPTXYPlotSpace.h; sourceTree = "<group>"; };
		EA9371CA1C05555200817EDA /* mainpage.h */ = {isa = PBXFileReference; fileEncoding = 4; lastKnownFileType = sourcecode.c.h; path = mainpage.h; sourceTree = "<group>"; };
		EA9371CB1C05555200817EDA /* NSCoderExtensions.h */ = {isa = PBXFileReference; fileEncoding = 4; lastKnownFileType = sourcecode.c.h; path = NSCoderExtensions.h; sourceTree = "<group>"; };
		EA9371CC1C05555200817EDA /* NSDecimalNumberExtensions.h */ = {isa = PBXFileReference; fileEncoding = 4; lastKnownFileType = sourcecode.c.h; path = NSDecimalNumberExtensions.h; sourceTree = "<group>"; };
		EA9371CD1C05555200817EDA /* NSNumberExtensions.h */ = {isa = PBXFileReference; fileEncoding = 4; lastKnownFileType = sourcecode.c.h; path = NSNumberExtensions.h; sourceTree = "<group>"; };
		EA9371CE1C05555200817EDA /* libCorePlot-CocoaTouch.a */ = {isa = PBXFileReference; lastKnownFileType = archive.ar; path = "libCorePlot-CocoaTouch.a"; sourceTree = "<group>"; };
		EA9371D11C05555200817EDA /* crypt.h */ = {isa = PBXFileReference; fileEncoding = 4; lastKnownFileType = sourcecode.c.h; path = crypt.h; sourceTree = "<group>"; };
		EA9371D21C05555200817EDA /* ioapi.c */ = {isa = PBXFileReference; fileEncoding = 4; lastKnownFileType = sourcecode.c.c; path = ioapi.c; sourceTree = "<group>"; };
		EA9371D31C05555200817EDA /* ioapi.h */ = {isa = PBXFileReference; fileEncoding = 4; lastKnownFileType = sourcecode.c.h; path = ioapi.h; sourceTree = "<group>"; };
		EA9371D41C05555200817EDA /* mztools.c */ = {isa = PBXFileReference; fileEncoding = 4; lastKnownFileType = sourcecode.c.c; path = mztools.c; sourceTree = "<group>"; };
		EA9371D51C05555200817EDA /* mztools.h */ = {isa = PBXFileReference; fileEncoding = 4; lastKnownFileType = sourcecode.c.h; path = mztools.h; sourceTree = "<group>"; };
		EA9371D61C05555200817EDA /* unzip.c */ = {isa = PBXFileReference; fileEncoding = 4; lastKnownFileType = sourcecode.c.c; path = unzip.c; sourceTree = "<group>"; };
		EA9371D71C05555200817EDA /* unzip.h */ = {isa = PBXFileReference; fileEncoding = 4; lastKnownFileType = sourcecode.c.h; path = unzip.h; sourceTree = "<group>"; };
		EA9371D81C05555200817EDA /* zip.c */ = {isa = PBXFileReference; fileEncoding = 4; lastKnownFileType = sourcecode.c.c; path = zip.c; sourceTree = "<group>"; };
		EA9371D91C05555200817EDA /* zip.h */ = {isa = PBXFileReference; fileEncoding = 4; lastKnownFileType = sourcecode.c.h; path = zip.h; sourceTree = "<group>"; };
		EA9371DA1C05555200817EDA /* SSZipArchive.h */ = {isa = PBXFileReference; fileEncoding = 4; lastKnownFileType = sourcecode.c.h; path = SSZipArchive.h; sourceTree = "<group>"; };
		EA9371DB1C05555200817EDA /* SSZipArchive.m */ = {isa = PBXFileReference; fileEncoding = 4; lastKnownFileType = sourcecode.c.objc; path = SSZipArchive.m; sourceTree = "<group>"; };
		EA9371E21C0555F700817EDA /* Foundation.framework */ = {isa = PBXFileReference; lastKnownFileType = wrapper.framework; name = Foundation.framework; path = System/Library/Frameworks/Foundation.framework; sourceTree = SDKROOT; };
		EA9371E41C0556C100817EDA /* libz.tbd */ = {isa = PBXFileReference; lastKnownFileType = "sourcecode.text-based-dylib-definition"; name = libz.tbd; path = usr/lib/libz.tbd; sourceTree = SDKROOT; };
		EA9371E71C05576600817EDA /* libMobClickLibrary.a */ = {isa = PBXFileReference; lastKnownFileType = archive.ar; path = libMobClickLibrary.a; sourceTree = "<group>"; };
		EA9371E81C05576600817EDA /* MobClick.h */ = {isa = PBXFileReference; fileEncoding = 4; lastKnownFileType = sourcecode.c.h; path = MobClick.h; sourceTree = "<group>"; };
		EA9371E91C05576600817EDA /* MobClickSocialAnalytics.h */ = {isa = PBXFileReference; fileEncoding = 4; lastKnownFileType = sourcecode.c.h; path = MobClickSocialAnalytics.h; sourceTree = "<group>"; };
		EA9371EC1C055C8800817EDA /* CustomNavigationController.h */ = {isa = PBXFileReference; fileEncoding = 4; lastKnownFileType = sourcecode.c.h; path = CustomNavigationController.h; sourceTree = "<group>"; };
		EA9371ED1C055C8800817EDA /* CustomNavigationController.m */ = {isa = PBXFileReference; fileEncoding = 4; lastKnownFileType = sourcecode.c.objc; path = CustomNavigationController.m; sourceTree = "<group>"; };
		EA9371EF1C055DDA00817EDA /* HeBaseViewController.h */ = {isa = PBXFileReference; fileEncoding = 4; lastKnownFileType = sourcecode.c.h; path = HeBaseViewController.h; sourceTree = "<group>"; };
		EA9371F01C055DDA00817EDA /* HeBaseViewController.m */ = {isa = PBXFileReference; fileEncoding = 4; lastKnownFileType = sourcecode.c.objc; path = HeBaseViewController.m; sourceTree = "<group>"; };
		EA9371F11C055DDA00817EDA /* HeBaseViewController.xib */ = {isa = PBXFileReference; fileEncoding = 4; lastKnownFileType = file.xib; path = HeBaseViewController.xib; sourceTree = "<group>"; };
		EA9371F41C055F9400817EDA /* MainPageVC.h */ = {isa = PBXFileReference; fileEncoding = 4; lastKnownFileType = sourcecode.c.h; path = MainPageVC.h; sourceTree = "<group>"; };
		EA9371F51C055F9400817EDA /* MainPageVC.m */ = {isa = PBXFileReference; fileEncoding = 4; lastKnownFileType = sourcecode.c.objc; path = MainPageVC.m; sourceTree = "<group>"; };
		EA9371F61C055F9400817EDA /* MainPageVC.xib */ = {isa = PBXFileReference; fileEncoding = 4; lastKnownFileType = file.xib; path = MainPageVC.xib; sourceTree = "<group>"; };
		EA9371F91C05631E00817EDA /* NavBarIOS7.png */ = {isa = PBXFileReference; lastKnownFileType = image.png; path = NavBarIOS7.png; sourceTree = "<group>"; };
		EA9371FB1C0564C000817EDA /* NAVGrayBg.png */ = {isa = PBXFileReference; lastKnownFileType = image.png; path = NAVGrayBg.png; sourceTree = "<group>"; };
		EA9372001C05808F00817EDA /* bannerIcon.png */ = {isa = PBXFileReference; lastKnownFileType = image.png; path = bannerIcon.png; sourceTree = "<group>"; };
		EA9372061C05816F00817EDA /* GrayBG.png */ = {isa = PBXFileReference; lastKnownFileType = image.png; path = GrayBG.png; sourceTree = "<group>"; };
		EA9372081C05818E00817EDA /* HeStartPairVC.h */ = {isa = PBXFileReference; fileEncoding = 4; lastKnownFileType = sourcecode.c.h; path = HeStartPairVC.h; sourceTree = "<group>"; };
		EA9372091C05818E00817EDA /* HeStartPairVC.m */ = {isa = PBXFileReference; fileEncoding = 4; lastKnownFileType = sourcecode.c.objc; path = HeStartPairVC.m; sourceTree = "<group>"; };
		EA93720A1C05818E00817EDA /* HeStartPairVC.xib */ = {isa = PBXFileReference; fileEncoding = 4; lastKnownFileType = file.xib; path = HeStartPairVC.xib; sourceTree = "<group>"; };
		EA93720D1C0586E600817EDA /* AsynImageView.h */ = {isa = PBXFileReference; fileEncoding = 4; lastKnownFileType = sourcecode.c.h; path = AsynImageView.h; sourceTree = "<group>"; };
		EA93720E1C0586E600817EDA /* AsynImageView.m */ = {isa = PBXFileReference; fileEncoding = 4; lastKnownFileType = sourcecode.c.objc; path = AsynImageView.m; sourceTree = "<group>"; };
		EA9372101C05872900817EDA /* GTMBase64.h */ = {isa = PBXFileReference; fileEncoding = 4; lastKnownFileType = sourcecode.c.h; path = GTMBase64.h; sourceTree = "<group>"; };
		EA9372111C05872900817EDA /* GTMBase64.m */ = {isa = PBXFileReference; fileEncoding = 4; lastKnownFileType = sourcecode.c.objc; path = GTMBase64.m; sourceTree = "<group>"; };
		EA9372121C05872900817EDA /* GTMDefines.h */ = {isa = PBXFileReference; fileEncoding = 4; lastKnownFileType = sourcecode.c.h; path = GTMDefines.h; sourceTree = "<group>"; };
		EA9372151C05874900817EDA /* AHReach.h */ = {isa = PBXFileReference; fileEncoding = 4; lastKnownFileType = sourcecode.c.h; path = AHReach.h; sourceTree = "<group>"; };
		EA9372161C05874900817EDA /* AHReach.m */ = {isa = PBXFileReference; fileEncoding = 4; lastKnownFileType = sourcecode.c.objc; path = AHReach.m; sourceTree = "<group>"; };
		EA9372171C05874900817EDA /* Reachability.h */ = {isa = PBXFileReference; fileEncoding = 4; lastKnownFileType = sourcecode.c.h; path = Reachability.h; sourceTree = "<group>"; };
		EA9372181C05874900817EDA /* Reachability.m */ = {isa = PBXFileReference; fileEncoding = 4; lastKnownFileType = sourcecode.c.objc; path = Reachability.m; sourceTree = "<group>"; };
		EA93721B1C058CE900817EDA /* blueBG.png */ = {isa = PBXFileReference; lastKnownFileType = image.png; path = blueBG.png; sourceTree = "<group>"; };
		EA93721D1C05A2F900817EDA /* ModifyDeviceVC.h */ = {isa = PBXFileReference; fileEncoding = 4; lastKnownFileType = sourcecode.c.h; path = ModifyDeviceVC.h; sourceTree = "<group>"; };
		EA93721E1C05A2F900817EDA /* ModifyDeviceVC.m */ = {isa = PBXFileReference; fileEncoding = 4; lastKnownFileType = sourcecode.c.objc; path = ModifyDeviceVC.m; sourceTree = "<group>"; };
		EA93721F1C05A2F900817EDA /* ModifyDeviceVC.xib */ = {isa = PBXFileReference; fileEncoding = 4; lastKnownFileType = file.xib; path = ModifyDeviceVC.xib; sourceTree = "<group>"; };
		EA9372221C05A34100817EDA /* DeviceModel.h */ = {isa = PBXFileReference; fileEncoding = 4; lastKnownFileType = sourcecode.c.h; path = DeviceModel.h; sourceTree = "<group>"; };
		EA9372231C05A34100817EDA /* DeviceModel.m */ = {isa = PBXFileReference; fileEncoding = 4; lastKnownFileType = sourcecode.c.objc; path = DeviceModel.m; sourceTree = "<group>"; };
		EA9372251C05A3A000817EDA /* PurifierModel.h */ = {isa = PBXFileReference; fileEncoding = 4; lastKnownFileType = sourcecode.c.h; path = PurifierModel.h; sourceTree = "<group>"; };
		EA9372261C05A3A000817EDA /* PurifierModel.m */ = {isa = PBXFileReference; fileEncoding = 4; lastKnownFileType = sourcecode.c.objc; path = PurifierModel.m; sourceTree = "<group>"; };
		EAA69AA61C044FD80037E89C /* purifier.app */ = {isa = PBXFileReference; explicitFileType = wrapper.application; includeInIndex = 0; path = purifier.app; sourceTree = BUILT_PRODUCTS_DIR; };
		EAA69AAA1C044FD80037E89C /* main.m */ = {isa = PBXFileReference; lastKnownFileType = sourcecode.c.objc; path = main.m; sourceTree = "<group>"; };
		EAA69AAC1C044FD80037E89C /* AppDelegate.h */ = {isa = PBXFileReference; lastKnownFileType = sourcecode.c.h; path = AppDelegate.h; sourceTree = "<group>"; };
		EAA69AAD1C044FD80037E89C /* AppDelegate.m */ = {isa = PBXFileReference; lastKnownFileType = sourcecode.c.objc; path = AppDelegate.m; sourceTree = "<group>"; };
		EAA69AAF1C044FD80037E89C /* ViewController.h */ = {isa = PBXFileReference; lastKnownFileType = sourcecode.c.h; path = ViewController.h; sourceTree = "<group>"; };
		EAA69AB01C044FD80037E89C /* ViewController.m */ = {isa = PBXFileReference; lastKnownFileType = sourcecode.c.objc; path = ViewController.m; sourceTree = "<group>"; };
		EAA69AB31C044FD80037E89C /* Base */ = {isa = PBXFileReference; lastKnownFileType = file.storyboard; name = Base; path = Base.lproj/Main.storyboard; sourceTree = "<group>"; };
		EAA69AB51C044FD80037E89C /* Assets.xcassets */ = {isa = PBXFileReference; lastKnownFileType = folder.assetcatalog; path = Assets.xcassets; sourceTree = "<group>"; };
		EAA69AB81C044FD80037E89C /* Base */ = {isa = PBXFileReference; lastKnownFileType = file.storyboard; name = Base; path = Base.lproj/LaunchScreen.storyboard; sourceTree = "<group>"; };
		EAA69ABA1C044FD80037E89C /* Info.plist */ = {isa = PBXFileReference; lastKnownFileType = text.plist.xml; path = Info.plist; sourceTree = "<group>"; };
		EAA69ABF1C044FD80037E89C /* purifierTests.xctest */ = {isa = PBXFileReference; explicitFileType = wrapper.cfbundle; includeInIndex = 0; path = purifierTests.xctest; sourceTree = BUILT_PRODUCTS_DIR; };
		EAA69AC31C044FD80037E89C /* purifierTests.m */ = {isa = PBXFileReference; lastKnownFileType = sourcecode.c.objc; path = purifierTests.m; sourceTree = "<group>"; };
		EAA69AC51C044FD80037E89C /* Info.plist */ = {isa = PBXFileReference; lastKnownFileType = text.plist.xml; path = Info.plist; sourceTree = "<group>"; };
		EACA40071C06B6B80035810E /* Base */ = {isa = PBXFileReference; lastKnownFileType = text.plist.strings; name = Base; path = Base.lproj/Localizable.strings; sourceTree = "<group>"; };
		EACA40091C06B7080035810E /* zh-Hans */ = {isa = PBXFileReference; lastKnownFileType = text.plist.strings; name = "zh-Hans"; path = "zh-Hans.lproj/Main.strings"; sourceTree = "<group>"; };
		EACA400A1C06B7080035810E /* zh-Hans */ = {isa = PBXFileReference; lastKnownFileType = text.plist.strings; name = "zh-Hans"; path = "zh-Hans.lproj/LaunchScreen.strings"; sourceTree = "<group>"; };
		EACA400B1C06B7080035810E /* zh-Hans */ = {isa = PBXFileReference; lastKnownFileType = text.plist.strings; name = "zh-Hans"; path = "zh-Hans.lproj/Localizable.strings"; sourceTree = "<group>"; };
		EACA400C1C06B7E00035810E /* en */ = {isa = PBXFileReference; lastKnownFileType = text.plist.strings; name = en; path = en.lproj/Localizable.strings; sourceTree = "<group>"; };
		EACA40101C06B7FD0035810E /* Base */ = {isa = PBXFileReference; lastKnownFileType = text.plist.strings; name = Base; path = Base.lproj/InfoPlist.strings; sourceTree = "<group>"; };
		EACA40121C06B8000035810E /* en */ = {isa = PBXFileReference; lastKnownFileType = text.plist.strings; name = en; path = en.lproj/InfoPlist.strings; sourceTree = "<group>"; };
		EACA40131C06B8020035810E /* zh-Hans */ = {isa = PBXFileReference; lastKnownFileType = text.plist.strings; name = "zh-Hans"; path = "zh-Hans.lproj/InfoPlist.strings"; sourceTree = "<group>"; };
		EACA40141C06DEB10035810E /* circleGrayBG.png */ = {isa = PBXFileReference; lastKnownFileType = image.png; path = circleGrayBG.png; sourceTree = "<group>"; };
		EACA40161C06F1800035810E /* shutDownIcon.png */ = {isa = PBXFileReference; lastKnownFileType = image.png; path = shutDownIcon.png; sourceTree = "<group>"; };
		EACA40181C06F5720035810E /* circleGraySepBG.png */ = {isa = PBXFileReference; lastKnownFileType = image.png; path = circleGraySepBG.png; sourceTree = "<group>"; };
		EACDC0F21C04BAEC00E6298E /* button_BG.png */ = {isa = PBXFileReference; lastKnownFileType = image.png; path = button_BG.png; sourceTree = "<group>"; };
		EACDC0F31C04BAEC00E6298E /* scan_BG.png */ = {isa = PBXFileReference; lastKnownFileType = image.png; path = scan_BG.png; sourceTree = "<group>"; };
		EACDC0F41C04BAEC00E6298E /* menuIcon.png */ = {isa = PBXFileReference; lastKnownFileType = image.png; path = menuIcon.png; sourceTree = "<group>"; };
		EACDC0F51C04BAEC00E6298E /* switchIcon.png */ = {isa = PBXFileReference; lastKnownFileType = image.png; path = switchIcon.png; sourceTree = "<group>"; };
		EACDC0F61C04BAEC00E6298E /* sleepIcon.png */ = {isa = PBXFileReference; lastKnownFileType = image.png; path = sleepIcon.png; sourceTree = "<group>"; };
		EACDC0F71C04BAEC00E6298E /* autoIcon.png */ = {isa = PBXFileReference; lastKnownFileType = image.png; path = autoIcon.png; sourceTree = "<group>"; };
		EACDC0F81C04BAEC00E6298E /* vitaIcon.png */ = {isa = PBXFileReference; lastKnownFileType = image.png; path = vitaIcon.png; sourceTree = "<group>"; };
		EACDC0F91C04BAEC00E6298E /* icon_BG.png */ = {isa = PBXFileReference; lastKnownFileType = image.png; path = icon_BG.png; sourceTree = "<group>"; };
		EACDC0FA1C04BAEC00E6298E /* filterIcon.png */ = {isa = PBXFileReference; lastKnownFileType = image.png; path = filterIcon.png; sourceTree = "<group>"; };
/* End PBXFileReference section */

/* Begin PBXFrameworksBuildPhase section */
		EAA69AA31C044FD80037E89C /* Frameworks */ = {
			isa = PBXFrameworksBuildPhase;
			buildActionMask = 2147483647;
			files = (
				EA9371E51C0556C100817EDA /* libz.tbd in Frameworks */,
				EA9371E31C0555F700817EDA /* Foundation.framework in Frameworks */,
				EA93717D1C05552C00817EDA /* CoreBluetooth.framework in Frameworks */,
				EA93717B1C0554A200817EDA /* SystemConfiguration.framework in Frameworks */,
				EA9371791C05549900817EDA /* MobileCoreServices.framework in Frameworks */,
				EA9371771C05548D00817EDA /* Security.framework in Frameworks */,
				EA9371541C054F2300817EDA /* CoreGraphics.framework in Frameworks */,
				EA9371521C054EE600817EDA /* QuartzCore.framework in Frameworks */,
				EA9371DC1C05555200817EDA /* libCorePlot-CocoaTouch.a in Frameworks */,
				EA9371EA1C05576600817EDA /* libMobClickLibrary.a in Frameworks */,
			);
			runOnlyForDeploymentPostprocessing = 0;
		};
		EAA69ABC1C044FD80037E89C /* Frameworks */ = {
			isa = PBXFrameworksBuildPhase;
			buildActionMask = 2147483647;
			files = (
			);
			runOnlyForDeploymentPostprocessing = 0;
		};
/* End PBXFrameworksBuildPhase section */

/* Begin PBXGroup section */
		EA79325A1C05ED7A00DD1200 /* ButtonIcon */ = {
			isa = PBXGroup;
			children = (
				EA7932791C05F6D700DD1200 /* vitaSelect.png */,
				EA79325B1C05ED8B00DD1200 /* sleepNormal.png */,
				EA79325D1C05ED9500DD1200 /* autoNormal.png */,
				EA79325E1C05ED9500DD1200 /* vitaNormal.png */,
				EA79325F1C05ED9500DD1200 /* decreaseNormal.png */,
				EA7932601C05ED9500DD1200 /* addNormal.png */,
				EA7932611C05ED9500DD1200 /* filterNormal.png */,
				EA7932621C05ED9500DD1200 /* sleepSelect.png */,
				EA7932641C05ED9500DD1200 /* autoSelect.png */,
				EA7932651C05ED9500DD1200 /* decreaseSelect.png */,
				EA7932661C05ED9500DD1200 /* addSelect.png */,
				EA7932671C05ED9500DD1200 /* filterSelect.png */,
			);
			name = ButtonIcon;
			sourceTree = "<group>";
		};
		EA9370FE1C054C1E00817EDA /* Model */ = {
			isa = PBXGroup;
			children = (
				EA9372221C05A34100817EDA /* DeviceModel.h */,
				EA9372231C05A34100817EDA /* DeviceModel.m */,
				EA9372251C05A3A000817EDA /* PurifierModel.h */,
				EA9372261C05A3A000817EDA /* PurifierModel.m */,
			);
			name = Model;
			sourceTree = "<group>";
		};
		EA9370FF1C054C2700817EDA /* View */ = {
			isa = PBXGroup;
			children = (
				EA9372051C0580C600817EDA /* PairView */,
				EA9372031C0580AF00817EDA /* Main */,
				EA9371031C054C4C00817EDA /* HeInstructionView.h */,
				EA9371011C054C3B00817EDA /* HeInstructionView.m */,
				EA93721D1C05A2F900817EDA /* ModifyDeviceVC.h */,
				EA93721E1C05A2F900817EDA /* ModifyDeviceVC.m */,
				EA93721F1C05A2F900817EDA /* ModifyDeviceVC.xib */,
			);
			name = View;
			sourceTree = "<group>";
		};
		EA9371001C054C2F00817EDA /* Controller */ = {
			isa = PBXGroup;
			children = (
			);
			name = Controller;
			sourceTree = "<group>";
		};
		EA9371041C054D5000817EDA /* Custom */ = {
			isa = PBXGroup;
			children = (
				EA9372141C05874800817EDA /* NetWorkReach */,
				EA9372101C05872900817EDA /* GTMBase64.h */,
				EA9372111C05872900817EDA /* GTMBase64.m */,
				EA9372121C05872900817EDA /* GTMDefines.h */,
				EA93720D1C0586E600817EDA /* AsynImageView.h */,
				EA93720E1C0586E600817EDA /* AsynImageView.m */,
				EA9372021C05809600817EDA /* BaseView */,
				EA9371E61C05576600817EDA /* UMAnalytics_Sdk_3.6.5 */,
				EA93717E1C05555200817EDA /* BluetoothDependencies */,
				EA9371561C05541300817EDA /* AFNetworking */,
				EA9371491C054E2D00817EDA /* DDMenuController */,
				EA93713D1C054DFC00817EDA /* MBProgressHUD */,
				EA93711C1C054DB300817EDA /* IQKeyBoardManager */,
				EA9371141C054D9500817EDA /* JSONKit */,
				EA9371051C054D6000817EDA /* UIButton+Category */,
			);
			name = Custom;
			sourceTree = "<group>";
		};
		EA9371051C054D6000817EDA /* UIButton+Category */ = {
			isa = PBXGroup;
			children = (
				EA9371061C054D7400817EDA /* FontAwesome.ttf */,
				EA9371071C054D7400817EDA /* NSString+Catagory.h */,
				EA9371081C054D7400817EDA /* NSString+Catagory.m */,
				EA9371091C054D7400817EDA /* NSString+FontAwesome.h */,
				EA93710A1C054D7400817EDA /* NSString+FontAwesome.m */,
				EA93710B1C054D7400817EDA /* UIButton+associate.h */,
				EA93710C1C054D7400817EDA /* UIButton+associate.m */,
				EA93710D1C054D7400817EDA /* UIButton+Bootstrap.h */,
				EA93710E1C054D7400817EDA /* UIButton+Bootstrap.m */,
			);
			name = "UIButton+Category";
			sourceTree = "<group>";
		};
		EA9371141C054D9500817EDA /* JSONKit */ = {
			isa = PBXGroup;
			children = (
				EA9371151C054D9500817EDA /* CHANGELOG.md */,
				EA9371161C054D9500817EDA /* JSONKit.h */,
				EA9371171C054D9500817EDA /* JSONKit.m */,
				EA9371181C054D9500817EDA /* README.md */,
			);
			path = JSONKit;
			sourceTree = "<group>";
		};
		EA93711C1C054DB300817EDA /* IQKeyBoardManager */ = {
			isa = PBXGroup;
			children = (
				EA93711D1C054DB300817EDA /* IQKeyboardManager.bundle */,
				EA93711E1C054DB300817EDA /* IQKeyboardManager.h */,
				EA93711F1C054DB300817EDA /* IQKeyboardManager.m */,
				EA9371201C054DB300817EDA /* IQKeyboardManagerConstants.h */,
				EA9371211C054DB300817EDA /* IQKeyboardManagerConstantsInternal.h */,
				EA9371221C054DB300817EDA /* IQSegmentedNextPrevious.h */,
				EA9371231C054DB300817EDA /* IQSegmentedNextPrevious.m */,
				EA9371241C054DB300817EDA /* IQTextView.h */,
				EA9371251C054DB300817EDA /* IQTextView.m */,
				EA9371261C054DB300817EDA /* IQTitleBarButtonItem.h */,
				EA9371271C054DB300817EDA /* IQTitleBarButtonItem.m */,
				EA9371281C054DB300817EDA /* IQToolbar.h */,
				EA9371291C054DB300817EDA /* IQToolbar.m */,
				EA93712A1C054DB300817EDA /* KeyboardManager.h */,
				EA93712B1C054DB300817EDA /* NSArray+Sort.h */,
				EA93712C1C054DB300817EDA /* NSArray+Sort.m */,
				EA93712D1C054DB300817EDA /* UIView+Hierarchy.h */,
				EA93712E1C054DB300817EDA /* UIView+Hierarchy.m */,
				EA93712F1C054DB300817EDA /* UIView+IQKeyboardToolbar.h */,
				EA9371301C054DB300817EDA /* UIView+IQKeyboardToolbar.m */,
				EA9371311C054DB300817EDA /* UIWindow+Hierarchy.h */,
				EA9371321C054DB300817EDA /* UIWindow+Hierarchy.m */,
			);
			path = IQKeyBoardManager;
			sourceTree = "<group>";
		};
		EA93713D1C054DFC00817EDA /* MBProgressHUD */ = {
			isa = PBXGroup;
			children = (
				EA93713E1C054DFC00817EDA /* MBProgressHUD+Add.h */,
				EA93713F1C054DFC00817EDA /* MBProgressHUD+Add.m */,
				EA9371401C054DFC00817EDA /* MBProgressHUD.bundle */,
				EA9371411C054DFC00817EDA /* MBProgressHUD.h */,
				EA9371421C054DFC00817EDA /* MBProgressHUD.m */,
				EA9371431C054DFC00817EDA /* UIViewController+HUD.h */,
				EA9371441C054DFC00817EDA /* UIViewController+HUD.m */,
			);
			path = MBProgressHUD;
			sourceTree = "<group>";
		};
		EA9371491C054E2D00817EDA /* DDMenuController */ = {
			isa = PBXGroup;
			children = (
				EA93714A1C054E8800817EDA /* DDMenuController.h */,
				EA93714B1C054E8800817EDA /* DDMenuController.m */,
				EA93714C1C054E8800817EDA /* LeftController.h */,
				EA93714D1C054E8800817EDA /* LeftController.m */,
			);
			name = DDMenuController;
			sourceTree = "<group>";
		};
		EA9371501C054ECA00817EDA /* Framework */ = {
			isa = PBXGroup;
			children = (
				EA9371E41C0556C100817EDA /* libz.tbd */,
				EA9371E21C0555F700817EDA /* Foundation.framework */,
				EA93717C1C05552C00817EDA /* CoreBluetooth.framework */,
				EA93717A1C0554A200817EDA /* SystemConfiguration.framework */,
				EA9371781C05549800817EDA /* MobileCoreServices.framework */,
				EA9371761C05548D00817EDA /* Security.framework */,
				EA9371531C054F2300817EDA /* CoreGraphics.framework */,
				EA9371511C054EE600817EDA /* QuartzCore.framework */,
			);
			name = Framework;
			sourceTree = "<group>";
		};
		EA9371561C05541300817EDA /* AFNetworking */ = {
			isa = PBXGroup;
			children = (
				EA9371571C05541300817EDA /* AFHTTPClient.h */,
				EA9371581C05541300817EDA /* AFHTTPClient.m */,
				EA9371591C05541300817EDA /* AFHTTPRequestOperation.h */,
				EA93715A1C05541300817EDA /* AFHTTPRequestOperation.m */,
				EA93715B1C05541300817EDA /* AFImageRequestOperation.h */,
				EA93715C1C05541300817EDA /* AFImageRequestOperation.m */,
				EA93715D1C05541300817EDA /* AFJSONRequestOperation.h */,
				EA93715E1C05541300817EDA /* AFJSONRequestOperation.m */,
				EA93715F1C05541300817EDA /* AFNetworkActivityIndicatorManager.h */,
				EA9371601C05541300817EDA /* AFNetworkActivityIndicatorManager.m */,
				EA9371611C05541300817EDA /* AFNetworking.h */,
				EA9371621C05541300817EDA /* AFOSCClient.h */,
				EA9371631C05541300817EDA /* AFOSCClient.m */,
				EA9371641C05541300817EDA /* AFPropertyListRequestOperation.h */,
				EA9371651C05541300817EDA /* AFPropertyListRequestOperation.m */,
				EA9371661C05541300817EDA /* AFURLConnectionOperation.h */,
				EA9371671C05541300817EDA /* AFURLConnectionOperation.m */,
				EA9371681C05541300817EDA /* AFXMLRequestOperation.h */,
				EA9371691C05541300817EDA /* AFXMLRequestOperation.m */,
				EA93716A1C05541300817EDA /* UIImageView+AFNetworking.h */,
				EA93716B1C05541300817EDA /* UIImageView+AFNetworking.m */,
			);
			path = AFNetworking;
			sourceTree = "<group>";
		};
		EA93717E1C05555200817EDA /* BluetoothDependencies */ = {
			isa = PBXGroup;
			children = (
				EA93717F1C05555200817EDA /* CorePlotHeaders */,
				EA9371CE1C05555200817EDA /* libCorePlot-CocoaTouch.a */,
				EA9371CF1C05555200817EDA /* SSZipArchive */,
			);
			name = BluetoothDependencies;
			path = dependencies;
			sourceTree = "<group>";
		};
		EA93717F1C05555200817EDA /* CorePlotHeaders */ = {
			isa = PBXGroup;
			children = (
				EA9371801C05555200817EDA /* CorePlot-CocoaTouch.h */,
				EA9371811C05555200817EDA /* CPTAnimation.h */,
				EA9371821C05555200817EDA /* CPTAnimationOperation.h */,
				EA9371831C05555200817EDA /* CPTAnimationPeriod.h */,
				EA9371841C05555200817EDA /* CPTAnnotation.h */,
				EA9371851C05555200817EDA /* CPTAnnotationHostLayer.h */,
				EA9371861C05555200817EDA /* CPTAxis.h */,
				EA9371871C05555200817EDA /* CPTAxisLabel.h */,
				EA9371881C05555200817EDA /* CPTAxisLabelGroup.h */,
				EA9371891C05555200817EDA /* CPTAxisSet.h */,
				EA93718A1C05555200817EDA /* CPTAxisTitle.h */,
				EA93718B1C05555200817EDA /* CPTBarPlot.h */,
				EA93718C1C05555200817EDA /* CPTBorderedLayer.h */,
				EA93718D1C05555200817EDA /* CPTCalendarFormatter.h */,
				EA93718E1C05555200817EDA /* CPTColor.h */,
				EA93718F1C05555200817EDA /* CPTColorSpace.h */,
				EA9371901C05555200817EDA /* CPTConstraints.h */,
				EA9371911C05555200817EDA /* CPTDataSourceTestCase.h */,
				EA9371921C05555200817EDA /* CPTDefinitions.h */,
				EA9371931C05555200817EDA /* CPTDerivedXYGraph.h */,
				EA9371941C05555200817EDA /* CPTExceptions.h */,
				EA9371951C05555200817EDA /* CPTFill.h */,
				EA9371961C05555200817EDA /* CPTFunctionDataSource.h */,
				EA9371971C05555200817EDA /* CPTGradient.h */,
				EA9371981C05555200817EDA /* CPTGraph.h */,
				EA9371991C05555200817EDA /* CPTGraphHostingView.h */,
				EA93719A1C05555200817EDA /* CPTGridLineGroup.h */,
				EA93719B1C05555200817EDA /* CPTGridLines.h */,
				EA93719C1C05555200817EDA /* CPTImage.h */,
				EA93719D1C05555200817EDA /* CPTLayer.h */,
				EA93719E1C05555200817EDA /* CPTLayerAnnotation.h */,
				EA93719F1C05555200817EDA /* CPTLegend.h */,
				EA9371A01C05555200817EDA /* CPTLegendEntry.h */,
				EA9371A11C05555200817EDA /* CPTLimitBand.h */,
				EA9371A21C05555200817EDA /* CPTLineCap.h */,
				EA9371A31C05555200817EDA /* CPTLineStyle.h */,
				EA9371A41C05555200817EDA /* CPTMutableLineStyle.h */,
				EA9371A51C05555200817EDA /* CPTMutableNumericData+TypeConversion.h */,
				EA9371A61C05555200817EDA /* CPTMutableNumericData.h */,
				EA9371A71C05555200817EDA /* CPTMutablePlotRange.h */,
				EA9371A81C05555200817EDA /* CPTMutableShadow.h */,
				EA9371A91C05555200817EDA /* CPTMutableTextStyle.h */,
				EA9371AA1C05555200817EDA /* CPTNumericData+TypeConversion.h */,
				EA9371AB1C05555200817EDA /* CPTNumericData.h */,
				EA9371AC1C05555200817EDA /* CPTNumericDataType.h */,
				EA9371AD1C05555200817EDA /* CPTPathExtensions.h */,
				EA9371AE1C05555200817EDA /* CPTPieChart.h */,
				EA9371AF1C05555200817EDA /* CPTPlatformSpecificCategories.h */,
				EA9371B01C05555200817EDA /* CPTPlatformSpecificDefines.h */,
				EA9371B11C05555200817EDA /* CPTPlatformSpecificFunctions.h */,
				EA9371B21C05555200817EDA /* CPTPlot.h */,
				EA9371B31C05555200817EDA /* CPTPlotArea.h */,
				EA9371B41C05555200817EDA /* CPTPlotAreaFrame.h */,
				EA9371B51C05555200817EDA /* CPTPlotGroup.h */,
				EA9371B61C05555200817EDA /* CPTPlotRange.h */,
				EA9371B71C05555200817EDA /* CPTPlotSpace.h */,
				EA9371B81C05555200817EDA /* CPTPlotSpaceAnnotation.h */,
				EA9371B91C05555200817EDA /* CPTPlotSymbol.h */,
				EA9371BA1C05555200817EDA /* CPTRangePlot.h */,
				EA9371BB1C05555200817EDA /* CPTResponder.h */,
				EA9371BC1C05555200817EDA /* CPTScatterPlot.h */,
				EA9371BD1C05555200817EDA /* CPTShadow.h */,
				EA9371BE1C05555200817EDA /* CPTTestCase.h */,
				EA9371BF1C05555200817EDA /* CPTTextLayer.h */,
				EA9371C01C05555200817EDA /* CPTTextStyle.h */,
				EA9371C11C05555200817EDA /* CPTTextStylePlatformSpecific.h */,
				EA9371C21C05555200817EDA /* CPTTheme.h */,
				EA9371C31C05555200817EDA /* CPTTimeFormatter.h */,
				EA9371C41C05555200817EDA /* CPTTradingRangePlot.h */,
				EA9371C51C05555200817EDA /* CPTUtilities.h */,
				EA9371C61C05555200817EDA /* CPTXYAxis.h */,
				EA9371C71C05555200817EDA /* CPTXYAxisSet.h */,
				EA9371C81C05555200817EDA /* CPTXYGraph.h */,
				EA9371C91C05555200817EDA /* CPTXYPlotSpace.h */,
				EA9371CA1C05555200817EDA /* mainpage.h */,
				EA9371CB1C05555200817EDA /* NSCoderExtensions.h */,
				EA9371CC1C05555200817EDA /* NSDecimalNumberExtensions.h */,
				EA9371CD1C05555200817EDA /* NSNumberExtensions.h */,
			);
			path = CorePlotHeaders;
			sourceTree = "<group>";
		};
		EA9371CF1C05555200817EDA /* SSZipArchive */ = {
			isa = PBXGroup;
			children = (
				EA9371D01C05555200817EDA /* minizip */,
				EA9371DA1C05555200817EDA /* SSZipArchive.h */,
				EA9371DB1C05555200817EDA /* SSZipArchive.m */,
			);
			path = SSZipArchive;
			sourceTree = "<group>";
		};
		EA9371D01C05555200817EDA /* minizip */ = {
			isa = PBXGroup;
			children = (
				EA9371D11C05555200817EDA /* crypt.h */,
				EA9371D21C05555200817EDA /* ioapi.c */,
				EA9371D31C05555200817EDA /* ioapi.h */,
				EA9371D41C05555200817EDA /* mztools.c */,
				EA9371D51C05555200817EDA /* mztools.h */,
				EA9371D61C05555200817EDA /* unzip.c */,
				EA9371D71C05555200817EDA /* unzip.h */,
				EA9371D81C05555200817EDA /* zip.c */,
				EA9371D91C05555200817EDA /* zip.h */,
			);
			path = minizip;
			sourceTree = "<group>";
		};
		EA9371E61C05576600817EDA /* UMAnalytics_Sdk_3.6.5 */ = {
			isa = PBXGroup;
			children = (
				EA9371E71C05576600817EDA /* libMobClickLibrary.a */,
				EA9371E81C05576600817EDA /* MobClick.h */,
				EA9371E91C05576600817EDA /* MobClickSocialAnalytics.h */,
			);
			path = UMAnalytics_Sdk_3.6.5;
			sourceTree = "<group>";
		};
		EA9372021C05809600817EDA /* BaseView */ = {
			isa = PBXGroup;
			children = (
				EA9371EC1C055C8800817EDA /* CustomNavigationController.h */,
				EA9371ED1C055C8800817EDA /* CustomNavigationController.m */,
				EA9371EF1C055DDA00817EDA /* HeBaseViewController.h */,
				EA9371F01C055DDA00817EDA /* HeBaseViewController.m */,
				EA9371F11C055DDA00817EDA /* HeBaseViewController.xib */,
			);
			name = BaseView;
			sourceTree = "<group>";
		};
		EA9372031C0580AF00817EDA /* Main */ = {
			isa = PBXGroup;
			children = (
				EA9371F41C055F9400817EDA /* MainPageVC.h */,
				EA9371F51C055F9400817EDA /* MainPageVC.m */,
				EA9371F61C055F9400817EDA /* MainPageVC.xib */,
			);
			name = Main;
			sourceTree = "<group>";
		};
		EA9372051C0580C600817EDA /* PairView */ = {
			isa = PBXGroup;
			children = (
				EA9372081C05818E00817EDA /* HeStartPairVC.h */,
				EA9372091C05818E00817EDA /* HeStartPairVC.m */,
				EA93720A1C05818E00817EDA /* HeStartPairVC.xib */,
			);
			name = PairView;
			sourceTree = "<group>";
		};
		EA9372141C05874800817EDA /* NetWorkReach */ = {
			isa = PBXGroup;
			children = (
				EA9372151C05874900817EDA /* AHReach.h */,
				EA9372161C05874900817EDA /* AHReach.m */,
				EA9372171C05874900817EDA /* Reachability.h */,
				EA9372181C05874900817EDA /* Reachability.m */,
			);
			path = NetWorkReach;
			sourceTree = "<group>";
		};
		EAA69A9D1C044FD80037E89C = {
			isa = PBXGroup;
			children = (
				EA9371501C054ECA00817EDA /* Framework */,
				EA9371041C054D5000817EDA /* Custom */,
				EACDC0F11C04B88C00E6298E /* Resource */,
				EAA69AA81C044FD80037E89C /* purifier */,
				EAA69AC21C044FD80037E89C /* purifierTests */,
				EAA69AA71C044FD80037E89C /* Products */,
			);
			sourceTree = "<group>";
		};
		EAA69AA71C044FD80037E89C /* Products */ = {
			isa = PBXGroup;
			children = (
				EAA69AA61C044FD80037E89C /* purifier.app */,
				EAA69ABF1C044FD80037E89C /* purifierTests.xctest */,
			);
			name = Products;
			sourceTree = "<group>";
		};
		EAA69AA81C044FD80037E89C /* purifier */ = {
			isa = PBXGroup;
			children = (
				EA9371001C054C2F00817EDA /* Controller */,
				EA9370FF1C054C2700817EDA /* View */,
				EA9370FE1C054C1E00817EDA /* Model */,
				EAA69AAC1C044FD80037E89C /* AppDelegate.h */,
				EAA69AAD1C044FD80037E89C /* AppDelegate.m */,
				EAA69AAF1C044FD80037E89C /* ViewController.h */,
				EAA69AB01C044FD80037E89C /* ViewController.m */,
				EAA69AB21C044FD80037E89C /* Main.storyboard */,
				EAA69AB51C044FD80037E89C /* Assets.xcassets */,
				EAA69AB71C044FD80037E89C /* LaunchScreen.storyboard */,
				EAA69ABA1C044FD80037E89C /* Info.plist */,
				EAA69AA91C044FD80037E89C /* Supporting Files */,
			);
			path = purifier;
			sourceTree = "<group>";
		};
		EAA69AA91C044FD80037E89C /* Supporting Files */ = {
			isa = PBXGroup;
			children = (
				EAA69AAA1C044FD80037E89C /* main.m */,
				EA9371551C054FFE00817EDA /* Purifier.pch */,
				EACA40081C06B6B80035810E /* Localizable.strings */,
				EACA40111C06B7FD0035810E /* InfoPlist.strings */,
			);
			name = "Supporting Files";
			sourceTree = "<group>";
		};
		EAA69AC21C044FD80037E89C /* purifierTests */ = {
			isa = PBXGroup;
			children = (
				EAA69AC31C044FD80037E89C /* purifierTests.m */,
				EAA69AC51C044FD80037E89C /* Info.plist */,
			);
			path = purifierTests;
			sourceTree = "<group>";
		};
		EACDC0F11C04B88C00E6298E /* Resource */ = {
			isa = PBXGroup;
			children = (
				EACA40181C06F5720035810E /* circleGraySepBG.png */,
				EACA40161C06F1800035810E /* shutDownIcon.png */,
				EACA40141C06DEB10035810E /* circleGrayBG.png */,
				EA7932771C05EFB100DD1200 /* badQualityBG.png */,
				EA7932751C05EF9300DD1200 /* mediumQualityBG.png */,
				EA7932731C05EF5F00DD1200 /* goodQualityBG.png */,
				EA79325A1C05ED7A00DD1200 /* ButtonIcon */,
				EA93721B1C058CE900817EDA /* blueBG.png */,
				EA9372061C05816F00817EDA /* GrayBG.png */,
				EA9372001C05808F00817EDA /* bannerIcon.png */,
				EA9371FB1C0564C000817EDA /* NAVGrayBg.png */,
				EA9371F91C05631E00817EDA /* NavBarIOS7.png */,
				EACDC0F21C04BAEC00E6298E /* button_BG.png */,
				EACDC0F31C04BAEC00E6298E /* scan_BG.png */,
				EACDC0F41C04BAEC00E6298E /* menuIcon.png */,
				EACDC0F51C04BAEC00E6298E /* switchIcon.png */,
				EACDC0F61C04BAEC00E6298E /* sleepIcon.png */,
				EACDC0F71C04BAEC00E6298E /* autoIcon.png */,
				EACDC0F81C04BAEC00E6298E /* vitaIcon.png */,
				EACDC0F91C04BAEC00E6298E /* icon_BG.png */,
				EACDC0FA1C04BAEC00E6298E /* filterIcon.png */,
			);
			path = Resource;
			sourceTree = "<group>";
		};
/* End PBXGroup section */

/* Begin PBXNativeTarget section */
		EAA69AA51C044FD80037E89C /* purifier */ = {
			isa = PBXNativeTarget;
			buildConfigurationList = EAA69AC81C044FD80037E89C /* Build configuration list for PBXNativeTarget "purifier" */;
			buildPhases = (
				EAA69AA21C044FD80037E89C /* Sources */,
				EAA69AA31C044FD80037E89C /* Frameworks */,
				EAA69AA41C044FD80037E89C /* Resources */,
				EA9371EB1C055AB300817EDA /* ShellScript */,
			);
			buildRules = (
			);
			dependencies = (
			);
			name = purifier;
			productName = purifier;
			productReference = EAA69AA61C044FD80037E89C /* purifier.app */;
			productType = "com.apple.product-type.application";
		};
		EAA69ABE1C044FD80037E89C /* purifierTests */ = {
			isa = PBXNativeTarget;
			buildConfigurationList = EAA69ACB1C044FD80037E89C /* Build configuration list for PBXNativeTarget "purifierTests" */;
			buildPhases = (
				EAA69ABB1C044FD80037E89C /* Sources */,
				EAA69ABC1C044FD80037E89C /* Frameworks */,
				EAA69ABD1C044FD80037E89C /* Resources */,
			);
			buildRules = (
			);
			dependencies = (
				EAA69AC11C044FD80037E89C /* PBXTargetDependency */,
			);
			name = purifierTests;
			productName = purifierTests;
			productReference = EAA69ABF1C044FD80037E89C /* purifierTests.xctest */;
			productType = "com.apple.product-type.bundle.unit-test";
		};
/* End PBXNativeTarget section */

/* Begin PBXProject section */
		EAA69A9E1C044FD80037E89C /* Project object */ = {
			isa = PBXProject;
			attributes = {
				LastUpgradeCheck = 0710;
				ORGANIZATIONNAME = iMac;
				TargetAttributes = {
					EAA69AA51C044FD80037E89C = {
						CreatedOnToolsVersion = 7.1.1;
					};
					EAA69ABE1C044FD80037E89C = {
						CreatedOnToolsVersion = 7.1.1;
						TestTargetID = EAA69AA51C044FD80037E89C;
					};
				};
			};
			buildConfigurationList = EAA69AA11C044FD80037E89C /* Build configuration list for PBXProject "purifier" */;
			compatibilityVersion = "Xcode 3.2";
			developmentRegion = English;
			hasScannedForEncodings = 0;
			knownRegions = (
				en,
				Base,
				"zh-Hans",
			);
			mainGroup = EAA69A9D1C044FD80037E89C;
			productRefGroup = EAA69AA71C044FD80037E89C /* Products */;
			projectDirPath = "";
			projectRoot = "";
			targets = (
				EAA69AA51C044FD80037E89C /* purifier */,
				EAA69ABE1C044FD80037E89C /* purifierTests */,
			);
		};
/* End PBXProject section */

/* Begin PBXResourcesBuildPhase section */
		EAA69AA41C044FD80037E89C /* Resources */ = {
			isa = PBXResourcesBuildPhase;
			buildActionMask = 2147483647;
			files = (
				EA79326B1C05ED9500DD1200 /* addNormal.png in Resources */,
				EA7932681C05ED9500DD1200 /* autoNormal.png in Resources */,
				EA7932761C05EF9300DD1200 /* mediumQualityBG.png in Resources */,
				EA9371F31C055DDA00817EDA /* HeBaseViewController.xib in Resources */,
				EA7932711C05ED9500DD1200 /* addSelect.png in Resources */,
				EACA40061C06B6B80035810E /* Localizable.strings in Resources */,
				EACDC1021C04BAEC00E6298E /* icon_BG.png in Resources */,
				EA93710F1C054D7400817EDA /* FontAwesome.ttf in Resources */,
				EACA40191C06F5720035810E /* circleGraySepBG.png in Resources */,
				EA7932721C05ED9500DD1200 /* filterSelect.png in Resources */,
				EA9371461C054DFC00817EDA /* MBProgressHUD.bundle in Resources */,
				EA79326F1C05ED9500DD1200 /* autoSelect.png in Resources */,
				EA79325C1C05ED8B00DD1200 /* sleepNormal.png in Resources */,
				EA9371FC1C0564C000817EDA /* NAVGrayBg.png in Resources */,
				EACDC1031C04BAEC00E6298E /* filterIcon.png in Resources */,
				EA79326A1C05ED9500DD1200 /* decreaseNormal.png in Resources */,
				EAA69AB91C044FD80037E89C /* LaunchScreen.storyboard in Resources */,
				EA79327A1C05F6D700DD1200 /* vitaSelect.png in Resources */,
				EA9371331C054DB300817EDA /* IQKeyboardManager.bundle in Resources */,
				EA9372011C05808F00817EDA /* bannerIcon.png in Resources */,
				EACA40151C06DEB10035810E /* circleGrayBG.png in Resources */,
				EACDC0FD1C04BAEC00E6298E /* menuIcon.png in Resources */,
				EA7932691C05ED9500DD1200 /* vitaNormal.png in Resources */,
				EAA69AB61C044FD80037E89C /* Assets.xcassets in Resources */,
				EACDC0FB1C04BAEC00E6298E /* button_BG.png in Resources */,
				EACDC1001C04BAEC00E6298E /* autoIcon.png in Resources */,
				EACDC0FC1C04BAEC00E6298E /* scan_BG.png in Resources */,
				EA9372071C05816F00817EDA /* GrayBG.png in Resources */,
				EACA40171C06F1800035810E /* shutDownIcon.png in Resources */,
				EACDC0FF1C04BAEC00E6298E /* sleepIcon.png in Resources */,
				EA93720C1C05818E00817EDA /* HeStartPairVC.xib in Resources */,
				EACDC1011C04BAEC00E6298E /* vitaIcon.png in Resources */,
				EACA400F1C06B7FD0035810E /* InfoPlist.strings in Resources */,
				EA9371F81C055F9400817EDA /* MainPageVC.xib in Resources */,
				EA79326D1C05ED9500DD1200 /* sleepSelect.png in Resources */,
				EA7932701C05ED9500DD1200 /* decreaseSelect.png in Resources */,
				EA7932781C05EFB100DD1200 /* badQualityBG.png in Resources */,
				EA79326C1C05ED9500DD1200 /* filterNormal.png in Resources */,
				EAA69AB41C044FD80037E89C /* Main.storyboard in Resources */,
				EA9372211C05A2F900817EDA /* ModifyDeviceVC.xib in Resources */,
				EACDC0FE1C04BAEC00E6298E /* switchIcon.png in Resources */,
				EA93721C1C058CE900817EDA /* blueBG.png in Resources */,
				EA9371FA1C05631E00817EDA /* NavBarIOS7.png in Resources */,
				EA7932741C05EF5F00DD1200 /* goodQualityBG.png in Resources */,
			);
			runOnlyForDeploymentPostprocessing = 0;
		};
		EAA69ABD1C044FD80037E89C /* Resources */ = {
			isa = PBXResourcesBuildPhase;
			buildActionMask = 2147483647;
			files = (
			);
			runOnlyForDeploymentPostprocessing = 0;
		};
/* End PBXResourcesBuildPhase section */

/* Begin PBXShellScriptBuildPhase section */
		EA9371EB1C055AB300817EDA /* ShellScript */ = {
			isa = PBXShellScriptBuildPhase;
			buildActionMask = 2147483647;
			files = (
			);
			inputPaths = (
			);
			outputPaths = (
			);
			runOnlyForDeploymentPostprocessing = 0;
			shellPath = /bin/sh;
			shellScript = "#!/bin/bash\nbuildNumber=$(/usr/libexec/PlistBuddy -c \"Print CFBundleVersion\" \"$INFOPLIST_FILE\")\nbuildNumber=$(($buildNumber + 1))\n/usr/libexec/PlistBuddy -c \"Set :CFBundleVersion $buildNumber\" \"$INFOPLIST_FILE\"";
		};
/* End PBXShellScriptBuildPhase section */

/* Begin PBXSourcesBuildPhase section */
		EAA69AA21C044FD80037E89C /* Sources */ = {
			isa = PBXSourcesBuildPhase;
			buildActionMask = 2147483647;
			files = (
				EA93716E1C05541300817EDA /* AFImageRequestOperation.m in Sources */,
				EA93716D1C05541300817EDA /* AFHTTPRequestOperation.m in Sources */,
				EA9371341C054DB300817EDA /* IQKeyboardManager.m in Sources */,
				EA9371451C054DFC00817EDA /* MBProgressHUD+Add.m in Sources */,
				EA9371021C054C3B00817EDA /* HeInstructionView.m in Sources */,
				EA93714F1C054E8800817EDA /* LeftController.m in Sources */,
				EA9371DD1C05555200817EDA /* ioapi.c in Sources */,
				EAA69AB11C044FD80037E89C /* ViewController.m in Sources */,
				EA9371381C054DB300817EDA /* IQToolbar.m in Sources */,
				EA9372131C05872900817EDA /* GTMBase64.m in Sources */,
				EA93721A1C05874900817EDA /* Reachability.m in Sources */,
				EA9371131C054D7400817EDA /* UIButton+Bootstrap.m in Sources */,
				EA93714E1C054E8800817EDA /* DDMenuController.m in Sources */,
				EA9371EE1C055C8800817EDA /* CustomNavigationController.m in Sources */,
				EA93713B1C054DB300817EDA /* UIView+IQKeyboardToolbar.m in Sources */,
				EA9371DF1C05555200817EDA /* unzip.c in Sources */,
				EA9371111C054D7400817EDA /* NSString+FontAwesome.m in Sources */,
				EA93713C1C054DB300817EDA /* UIWindow+Hierarchy.m in Sources */,
				EA9371F21C055DDA00817EDA /* HeBaseViewController.m in Sources */,
				EA9371481C054DFC00817EDA /* UIViewController+HUD.m in Sources */,
				EA9371701C05541300817EDA /* AFNetworkActivityIndicatorManager.m in Sources */,
				EA93711A1C054D9500817EDA /* JSONKit.m in Sources */,
				EA9371741C05541300817EDA /* AFXMLRequestOperation.m in Sources */,
				EA9371101C054D7400817EDA /* NSString+Catagory.m in Sources */,
				EA93716F1C05541300817EDA /* AFJSONRequestOperation.m in Sources */,
				EAA69AAE1C044FD80037E89C /* AppDelegate.m in Sources */,
				EA9371351C054DB300817EDA /* IQSegmentedNextPrevious.m in Sources */,
				EA93713A1C054DB300817EDA /* UIView+Hierarchy.m in Sources */,
				EA93716C1C05541300817EDA /* AFHTTPClient.m in Sources */,
				EA9371731C05541300817EDA /* AFURLConnectionOperation.m in Sources */,
				EA9371DE1C05555200817EDA /* mztools.c in Sources */,
				EA9371711C05541300817EDA /* AFOSCClient.m in Sources */,
				EA93720B1C05818E00817EDA /* HeStartPairVC.m in Sources */,
				EA9371121C054D7400817EDA /* UIButton+associate.m in Sources */,
				EA9371751C05541300817EDA /* UIImageView+AFNetworking.m in Sources */,
				EA9371471C054DFC00817EDA /* MBProgressHUD.m in Sources */,
				EA9371371C054DB300817EDA /* IQTitleBarButtonItem.m in Sources */,
				EA9372271C05A3A000817EDA /* PurifierModel.m in Sources */,
				EA9372201C05A2F900817EDA /* ModifyDeviceVC.m in Sources */,
				EA9371721C05541300817EDA /* AFPropertyListRequestOperation.m in Sources */,
				EA9372241C05A34100817EDA /* DeviceModel.m in Sources */,
				EA93720F1C0586E600817EDA /* AsynImageView.m in Sources */,
				EA9371391C054DB300817EDA /* NSArray+Sort.m in Sources */,
				EA9371191C054D9500817EDA /* CHANGELOG.md in Sources */,
				EA93711B1C054D9500817EDA /* README.md in Sources */,
				EA9372191C05874900817EDA /* AHReach.m in Sources */,
				EA9371F71C055F9400817EDA /* MainPageVC.m in Sources */,
				EA9371E11C05555200817EDA /* SSZipArchive.m in Sources */,
				EA9371E01C05555200817EDA /* zip.c in Sources */,
				EAA69AAB1C044FD80037E89C /* main.m in Sources */,
				EA9371361C054DB300817EDA /* IQTextView.m in Sources */,
			);
			runOnlyForDeploymentPostprocessing = 0;
		};
		EAA69ABB1C044FD80037E89C /* Sources */ = {
			isa = PBXSourcesBuildPhase;
			buildActionMask = 2147483647;
			files = (
				EAA69AC41C044FD80037E89C /* purifierTests.m in Sources */,
			);
			runOnlyForDeploymentPostprocessing = 0;
		};
/* End PBXSourcesBuildPhase section */

/* Begin PBXTargetDependency section */
		EAA69AC11C044FD80037E89C /* PBXTargetDependency */ = {
			isa = PBXTargetDependency;
			target = EAA69AA51C044FD80037E89C /* purifier */;
			targetProxy = EAA69AC01C044FD80037E89C /* PBXContainerItemProxy */;
		};
/* End PBXTargetDependency section */

/* Begin PBXVariantGroup section */
		EAA69AB21C044FD80037E89C /* Main.storyboard */ = {
			isa = PBXVariantGroup;
			children = (
				EAA69AB31C044FD80037E89C /* Base */,
				EACA40091C06B7080035810E /* zh-Hans */,
			);
			name = Main.storyboard;
			sourceTree = "<group>";
		};
		EAA69AB71C044FD80037E89C /* LaunchScreen.storyboard */ = {
			isa = PBXVariantGroup;
			children = (
				EAA69AB81C044FD80037E89C /* Base */,
				EACA400A1C06B7080035810E /* zh-Hans */,
			);
			name = LaunchScreen.storyboard;
			sourceTree = "<group>";
		};
		EACA40081C06B6B80035810E /* Localizable.strings */ = {
			isa = PBXVariantGroup;
			children = (
				EACA40071C06B6B80035810E /* Base */,
				EACA400B1C06B7080035810E /* zh-Hans */,
				EACA400C1C06B7E00035810E /* en */,
			);
			name = Localizable.strings;
			sourceTree = "<group>";
		};
		EACA40111C06B7FD0035810E /* InfoPlist.strings */ = {
			isa = PBXVariantGroup;
			children = (
				EACA40101C06B7FD0035810E /* Base */,
				EACA40121C06B8000035810E /* en */,
				EACA40131C06B8020035810E /* zh-Hans */,
			);
			name = InfoPlist.strings;
			sourceTree = "<group>";
		};
/* End PBXVariantGroup section */

/* Begin XCBuildConfiguration section */
		EAA69AC61C044FD80037E89C /* Debug */ = {
			isa = XCBuildConfiguration;
			buildSettings = {
				ALWAYS_SEARCH_USER_PATHS = NO;
				CLANG_CXX_LANGUAGE_STANDARD = "gnu++0x";
				CLANG_CXX_LIBRARY = "libc++";
				CLANG_ENABLE_MODULES = YES;
				CLANG_ENABLE_OBJC_ARC = YES;
				CLANG_WARN_BOOL_CONVERSION = YES;
				CLANG_WARN_CONSTANT_CONVERSION = YES;
				CLANG_WARN_DIRECT_OBJC_ISA_USAGE = YES_ERROR;
				CLANG_WARN_EMPTY_BODY = YES;
				CLANG_WARN_ENUM_CONVERSION = YES;
				CLANG_WARN_INT_CONVERSION = YES;
				CLANG_WARN_OBJC_ROOT_CLASS = YES_ERROR;
				CLANG_WARN_UNREACHABLE_CODE = YES;
				CLANG_WARN__DUPLICATE_METHOD_MATCH = YES;
				"CODE_SIGN_IDENTITY[sdk=iphoneos*]" = "iPhone Developer";
				COPY_PHASE_STRIP = NO;
				DEBUG_INFORMATION_FORMAT = dwarf;
				ENABLE_STRICT_OBJC_MSGSEND = YES;
				ENABLE_TESTABILITY = YES;
				GCC_C_LANGUAGE_STANDARD = gnu99;
				GCC_DYNAMIC_NO_PIC = NO;
				GCC_NO_COMMON_BLOCKS = YES;
				GCC_OPTIMIZATION_LEVEL = 0;
				GCC_PREPROCESSOR_DEFINITIONS = (
					"DEBUG=1",
					"$(inherited)",
				);
				GCC_WARN_64_TO_32_BIT_CONVERSION = YES;
				GCC_WARN_ABOUT_RETURN_TYPE = YES_ERROR;
				GCC_WARN_UNDECLARED_SELECTOR = YES;
				GCC_WARN_UNINITIALIZED_AUTOS = YES_AGGRESSIVE;
				GCC_WARN_UNUSED_FUNCTION = YES;
				GCC_WARN_UNUSED_VARIABLE = YES;
				IPHONEOS_DEPLOYMENT_TARGET = 9.1;
				MTL_ENABLE_DEBUG_INFO = YES;
				ONLY_ACTIVE_ARCH = YES;
				SDKROOT = iphoneos;
			};
			name = Debug;
		};
		EAA69AC71C044FD80037E89C /* Release */ = {
			isa = XCBuildConfiguration;
			buildSettings = {
				ALWAYS_SEARCH_USER_PATHS = NO;
				CLANG_CXX_LANGUAGE_STANDARD = "gnu++0x";
				CLANG_CXX_LIBRARY = "libc++";
				CLANG_ENABLE_MODULES = YES;
				CLANG_ENABLE_OBJC_ARC = YES;
				CLANG_WARN_BOOL_CONVERSION = YES;
				CLANG_WARN_CONSTANT_CONVERSION = YES;
				CLANG_WARN_DIRECT_OBJC_ISA_USAGE = YES_ERROR;
				CLANG_WARN_EMPTY_BODY = YES;
				CLANG_WARN_ENUM_CONVERSION = YES;
				CLANG_WARN_INT_CONVERSION = YES;
				CLANG_WARN_OBJC_ROOT_CLASS = YES_ERROR;
				CLANG_WARN_UNREACHABLE_CODE = YES;
				CLANG_WARN__DUPLICATE_METHOD_MATCH = YES;
				"CODE_SIGN_IDENTITY[sdk=iphoneos*]" = "iPhone Developer";
				COPY_PHASE_STRIP = NO;
				DEBUG_INFORMATION_FORMAT = "dwarf-with-dsym";
				ENABLE_NS_ASSERTIONS = NO;
				ENABLE_STRICT_OBJC_MSGSEND = YES;
				GCC_C_LANGUAGE_STANDARD = gnu99;
				GCC_NO_COMMON_BLOCKS = YES;
				GCC_WARN_64_TO_32_BIT_CONVERSION = YES;
				GCC_WARN_ABOUT_RETURN_TYPE = YES_ERROR;
				GCC_WARN_UNDECLARED_SELECTOR = YES;
				GCC_WARN_UNINITIALIZED_AUTOS = YES_AGGRESSIVE;
				GCC_WARN_UNUSED_FUNCTION = YES;
				GCC_WARN_UNUSED_VARIABLE = YES;
				IPHONEOS_DEPLOYMENT_TARGET = 9.1;
				MTL_ENABLE_DEBUG_INFO = NO;
				SDKROOT = iphoneos;
				VALIDATE_PRODUCT = YES;
			};
			name = Release;
		};
		EAA69AC91C044FD80037E89C /* Debug */ = {
			isa = XCBuildConfiguration;
			buildSettings = {
				ASSETCATALOG_COMPILER_APPICON_NAME = AppIcon;
				ASSETCATALOG_COMPILER_LAUNCHIMAGE_NAME = LaunchImage;
				ENABLE_BITCODE = NO;
				GCC_PRECOMPILE_PREFIX_HEADER = YES;
				GCC_PREFIX_HEADER = "$(SRCROOT)/purifier/Purifier.pch";
				INFOPLIST_FILE = purifier/Info.plist;
				IPHONEOS_DEPLOYMENT_TARGET = 7.0;
				LD_RUNPATH_SEARCH_PATHS = "$(inherited) @executable_path/Frameworks";
				LIBRARY_SEARCH_PATHS = (
					"$(inherited)",
					"$(PROJECT_DIR)/dependencies",
					"$(PROJECT_DIR)/UMAnalytics_Sdk_3.6.5",
				);
				PRODUCT_BUNDLE_IDENTIFIER = com.danertu.purifier;
				PRODUCT_NAME = "$(TARGET_NAME)";
			};
			name = Debug;
		};
		EAA69ACA1C044FD80037E89C /* Release */ = {
			isa = XCBuildConfiguration;
			buildSettings = {
				ASSETCATALOG_COMPILER_APPICON_NAME = AppIcon;
				ASSETCATALOG_COMPILER_LAUNCHIMAGE_NAME = LaunchImage;
				ENABLE_BITCODE = NO;
				GCC_PRECOMPILE_PREFIX_HEADER = YES;
				GCC_PREFIX_HEADER = "$(SRCROOT)/purifier/Purifier.pch";
				INFOPLIST_FILE = purifier/Info.plist;
				IPHONEOS_DEPLOYMENT_TARGET = 7.0;
				LD_RUNPATH_SEARCH_PATHS = "$(inherited) @executable_path/Frameworks";
				LIBRARY_SEARCH_PATHS = (
					"$(inherited)",
					"$(PROJECT_DIR)/dependencies",
					"$(PROJECT_DIR)/UMAnalytics_Sdk_3.6.5",
				);
				PRODUCT_BUNDLE_IDENTIFIER = com.danertu.purifier;
				PRODUCT_NAME = "$(TARGET_NAME)";
			};
			name = Release;
		};
		EAA69ACC1C044FD80037E89C /* Debug */ = {
			isa = XCBuildConfiguration;
			buildSettings = {
				BUNDLE_LOADER = "$(TEST_HOST)";
				INFOPLIST_FILE = purifierTests/Info.plist;
				LD_RUNPATH_SEARCH_PATHS = "$(inherited) @executable_path/Frameworks @loader_path/Frameworks";
				PRODUCT_BUNDLE_IDENTIFIER = com.danertu.purifierTests;
				PRODUCT_NAME = "$(TARGET_NAME)";
				TEST_HOST = "$(BUILT_PRODUCTS_DIR)/purifier.app/purifier";
			};
			name = Debug;
		};
		EAA69ACD1C044FD80037E89C /* Release */ = {
			isa = XCBuildConfiguration;
			buildSettings = {
				BUNDLE_LOADER = "$(TEST_HOST)";
				INFOPLIST_FILE = purifierTests/Info.plist;
				LD_RUNPATH_SEARCH_PATHS = "$(inherited) @executable_path/Frameworks @loader_path/Frameworks";
				PRODUCT_BUNDLE_IDENTIFIER = com.danertu.purifierTests;
				PRODUCT_NAME = "$(TARGET_NAME)";
				TEST_HOST = "$(BUILT_PRODUCTS_DIR)/purifier.app/purifier";
			};
			name = Release;
		};
/* End XCBuildConfiguration section */

/* Begin XCConfigurationList section */
		EAA69AA11C044FD80037E89C /* Build configuration list for PBXProject "purifier" */ = {
			isa = XCConfigurationList;
			buildConfigurations = (
				EAA69AC61C044FD80037E89C /* Debug */,
				EAA69AC71C044FD80037E89C /* Release */,
			);
			defaultConfigurationIsVisible = 0;
			defaultConfigurationName = Release;
		};
		EAA69AC81C044FD80037E89C /* Build configuration list for PBXNativeTarget "purifier" */ = {
			isa = XCConfigurationList;
			buildConfigurations = (
				EAA69AC91C044FD80037E89C /* Debug */,
				EAA69ACA1C044FD80037E89C /* Release */,
			);
			defaultConfigurationIsVisible = 0;
			defaultConfigurationName = Release;
		};
		EAA69ACB1C044FD80037E89C /* Build configuration list for PBXNativeTarget "purifierTests" */ = {
			isa = XCConfigurationList;
			buildConfigurations = (
				EAA69ACC1C044FD80037E89C /* Debug */,
				EAA69ACD1C044FD80037E89C /* Release */,
			);
			defaultConfigurationIsVisible = 0;
			defaultConfigurationName = Release;
		};
/* End XCConfigurationList section */
	};
	rootObject = EAA69A9E1C044FD80037E89C /* Project object */;
}
